
Microsoft Visual Studio Solution File, Format Version 12.00
# Visual Studio 14
VisualStudioVersion = 14.0.25123.0
MinimumVisualStudioVersion = 10.0.40219.1
Project("{FAE04EC0-301F-11D3-BF4B-00C04F79EFBC}") = "Hello", "DotNetLerning\Hello.csproj", "{01B072FC-90F0-4CF9-B78F-C295D1D20047}"
EndProject
Project("{2150E333-8FDC-42A3-9474-1A3956D46DE8}") = "OOP", "OOP", "{D17B6637-03F8-46C1-8447-E0E346DC8847}"
EndProject
Project("{FAE04EC0-301F-11D3-BF4B-00C04F79EFBC}") = "SimpleClassExample", "SimpleClassExample\SimpleClassExample.csproj", "{EBA04738-E420-4E2F-BD83-02E175DD0739}"
EndProject
Project("{2150E333-8FDC-42A3-9474-1A3956D46DE8}") = "delegate and event", "delegate and event", "{F19E2101-3683-4FA6-BCCA-C725B9D4D03A}"
EndProject
Project("{FAE04EC0-301F-11D3-BF4B-00C04F79EFBC}") = "ExampleForDelegat", "ExampleForDelegat\ExampleForDelegat.csproj", "{17E962DA-26CA-4C6D-9BC9-DBDF5C760796}"
EndProject
Project("{2150E333-8FDC-42A3-9474-1A3956D46DE8}") = "Example", "Example", "{20435AA3-6A4C-4C58-9537-9500C4E47ACE}"
EndProject
Project("{2150E333-8FDC-42A3-9474-1A3956D46DE8}") = "practice", "practice", "{81274762-676F-40EA-9CD8-E0D54CAA17D8}"
EndProject
Project("{2150E333-8FDC-42A3-9474-1A3956D46DE8}") = "Methods", "Methods", "{A19FD800-A6AB-4D10-B3DE-F29E7FEBB6C2}"
EndProject
Project("{2150E333-8FDC-42A3-9474-1A3956D46DE8}") = "Example", "Example", "{743D3D38-58C7-4E72-8577-41C528749FFB}"
EndProject
Project("{FAE04EC0-301F-11D3-BF4B-00C04F79EFBC}") = "Triangle", "Triangle\Triangle.csproj", "{A23A5292-74D1-4AFF-A4A4-8908E9273D18}"
EndProject
Project("{FAE04EC0-301F-11D3-BF4B-00C04F79EFBC}") = "TemperatureConverter", "TemperatureConverter\TemperatureConverter.csproj", "{CCF8C712-2136-4C77-A81D-CB98258E6738}"
EndProject
Project("{2150E333-8FDC-42A3-9474-1A3956D46DE8}") = "Practice-9", "Practice-9", "{62281EBE-7A3E-495C-90B0-4170780B0EF1}"
EndProject
Project("{FAE04EC0-301F-11D3-BF4B-00C04F79EFBC}") = "Months", "Months\Months.csproj", "{F8AEA1F6-6670-4AB3-852F-1AA2F185B3DD}"
EndProject
Project("{FAE04EC0-301F-11D3-BF4B-00C04F79EFBC}") = "Practice-GetMax-9-2", "2.GetMax\Practice-GetMax-9-2.csproj", "{18C2F2E6-4A41-461E-B9C6-636FB50C6FF5}"
EndProject
Project("{FAE04EC0-301F-11D3-BF4B-00C04F79EFBC}") = "DataValidation", "DataValidation\DataValidation.csproj", "{CCCA45E0-C87A-4E7F-A8D6-45EE0187A986}"
EndProject
Project("{FAE04EC0-301F-11D3-BF4B-00C04F79EFBC}") = "SortingEngine", "SortingEngine\SortingEngine.csproj", "{04116DB7-D114-40C7-9B9D-E2CAA22BD0DB}"
EndProject
Project("{2150E333-8FDC-42A3-9474-1A3956D46DE8}") = "ADO.Net", "ADO.Net", "{D93C59B2-1AF9-4E20-BD99-5B368CDB64B7}"
EndProject
Project("{FAE04EC0-301F-11D3-BF4B-00C04F79EFBC}") = "ConnectWithDataBase", "ConnectWithDataBase\ConnectWithDataBase.csproj", "{16713DEA-88CB-4D9A-8634-5168AD2F8ED7}"
EndProject
Project("{FAE04EC0-301F-11D3-BF4B-00C04F79EFBC}") = "TestTransactions", "TestTransactions\TestTransactions.csproj", "{CFBDDFD9-8C72-4F52-B877-9DB43A439421}"
EndProject
Global
	GlobalSection(SolutionConfigurationPlatforms) = preSolution
		Debug|Any CPU = Debug|Any CPU
		Release|Any CPU = Release|Any CPU
	EndGlobalSection
	GlobalSection(ProjectConfigurationPlatforms) = postSolution
		{01B072FC-90F0-4CF9-B78F-C295D1D20047}.Debug|Any CPU.ActiveCfg = Debug|Any CPU
		{01B072FC-90F0-4CF9-B78F-C295D1D20047}.Debug|Any CPU.Build.0 = Debug|Any CPU
		{01B072FC-90F0-4CF9-B78F-C295D1D20047}.Release|Any CPU.ActiveCfg = Release|Any CPU
		{01B072FC-90F0-4CF9-B78F-C295D1D20047}.Release|Any CPU.Build.0 = Release|Any CPU
		{EBA04738-E420-4E2F-BD83-02E175DD0739}.Debug|Any CPU.ActiveCfg = Debug|Any CPU
		{EBA04738-E420-4E2F-BD83-02E175DD0739}.Debug|Any CPU.Build.0 = Debug|Any CPU
		{EBA04738-E420-4E2F-BD83-02E175DD0739}.Release|Any CPU.ActiveCfg = Release|Any CPU
		{EBA04738-E420-4E2F-BD83-02E175DD0739}.Release|Any CPU.Build.0 = Release|Any CPU
		{17E962DA-26CA-4C6D-9BC9-DBDF5C760796}.Debug|Any CPU.ActiveCfg = Debug|Any CPU
		{17E962DA-26CA-4C6D-9BC9-DBDF5C760796}.Debug|Any CPU.Build.0 = Debug|Any CPU
		{17E962DA-26CA-4C6D-9BC9-DBDF5C760796}.Release|Any CPU.ActiveCfg = Release|Any CPU
		{17E962DA-26CA-4C6D-9BC9-DBDF5C760796}.Release|Any CPU.Build.0 = Release|Any CPU
		{A23A5292-74D1-4AFF-A4A4-8908E9273D18}.Debug|Any CPU.ActiveCfg = Debug|Any CPU
		{A23A5292-74D1-4AFF-A4A4-8908E9273D18}.Debug|Any CPU.Build.0 = Debug|Any CPU
		{A23A5292-74D1-4AFF-A4A4-8908E9273D18}.Release|Any CPU.ActiveCfg = Release|Any CPU
		{A23A5292-74D1-4AFF-A4A4-8908E9273D18}.Release|Any CPU.Build.0 = Release|Any CPU
		{CCF8C712-2136-4C77-A81D-CB98258E6738}.Debug|Any CPU.ActiveCfg = Debug|Any CPU
		{CCF8C712-2136-4C77-A81D-CB98258E6738}.Debug|Any CPU.Build.0 = Debug|Any CPU
		{CCF8C712-2136-4C77-A81D-CB98258E6738}.Release|Any CPU.ActiveCfg = Release|Any CPU
		{CCF8C712-2136-4C77-A81D-CB98258E6738}.Release|Any CPU.Build.0 = Release|Any CPU
		{F8AEA1F6-6670-4AB3-852F-1AA2F185B3DD}.Debug|Any CPU.ActiveCfg = Debug|Any CPU
		{F8AEA1F6-6670-4AB3-852F-1AA2F185B3DD}.Debug|Any CPU.Build.0 = Debug|Any CPU
		{F8AEA1F6-6670-4AB3-852F-1AA2F185B3DD}.Release|Any CPU.ActiveCfg = Release|Any CPU
		{F8AEA1F6-6670-4AB3-852F-1AA2F185B3DD}.Release|Any CPU.Build.0 = Release|Any CPU
		{18C2F2E6-4A41-461E-B9C6-636FB50C6FF5}.Debug|Any CPU.ActiveCfg = Debug|Any CPU
		{18C2F2E6-4A41-461E-B9C6-636FB50C6FF5}.Debug|Any CPU.Build.0 = Debug|Any CPU
		{18C2F2E6-4A41-461E-B9C6-636FB50C6FF5}.Release|Any CPU.ActiveCfg = Release|Any CPU
		{18C2F2E6-4A41-461E-B9C6-636FB50C6FF5}.Release|Any CPU.Build.0 = Release|Any CPU
		{CCCA45E0-C87A-4E7F-A8D6-45EE0187A986}.Debug|Any CPU.ActiveCfg = Debug|Any CPU
		{CCCA45E0-C87A-4E7F-A8D6-45EE0187A986}.Debug|Any CPU.Build.0 = Debug|Any CPU
		{CCCA45E0-C87A-4E7F-A8D6-45EE0187A986}.Release|Any CPU.ActiveCfg = Release|Any CPU
		{CCCA45E0-C87A-4E7F-A8D6-45EE0187A986}.Release|Any CPU.Build.0 = Release|Any CPU
		{04116DB7-D114-40C7-9B9D-E2CAA22BD0DB}.Debug|Any CPU.ActiveCfg = Debug|Any CPU
		{04116DB7-D114-40C7-9B9D-E2CAA22BD0DB}.Debug|Any CPU.Build.0 = Debug|Any CPU
		{04116DB7-D114-40C7-9B9D-E2CAA22BD0DB}.Release|Any CPU.ActiveCfg = Release|Any CPU
		{04116DB7-D114-40C7-9B9D-E2CAA22BD0DB}.Release|Any CPU.Build.0 = Release|Any CPU
		{16713DEA-88CB-4D9A-8634-5168AD2F8ED7}.Debug|Any CPU.ActiveCfg = Debug|Any CPU
		{16713DEA-88CB-4D9A-8634-5168AD2F8ED7}.Debug|Any CPU.Build.0 = Debug|Any CPU
		{16713DEA-88CB-4D9A-8634-5168AD2F8ED7}.Release|Any CPU.ActiveCfg = Release|Any CPU
		{16713DEA-88CB-4D9A-8634-5168AD2F8ED7}.Release|Any CPU.Build.0 = Release|Any CPU
		{CFBDDFD9-8C72-4F52-B877-9DB43A439421}.Debug|Any CPU.ActiveCfg = Debug|Any CPU
		{CFBDDFD9-8C72-4F52-B877-9DB43A439421}.Debug|Any CPU.Build.0 = Debug|Any CPU
		{CFBDDFD9-8C72-4F52-B877-9DB43A439421}.Release|Any CPU.ActiveCfg = Release|Any CPU
		{CFBDDFD9-8C72-4F52-B877-9DB43A439421}.Release|Any CPU.Build.0 = Release|Any CPU
	EndGlobalSection
	GlobalSection(SolutionProperties) = preSolution
		HideSolutionNode = FALSE
	EndGlobalSection
	GlobalSection(NestedProjects) = preSolution
		{01B072FC-90F0-4CF9-B78F-C295D1D20047} = {20435AA3-6A4C-4C58-9537-9500C4E47ACE}
		{EBA04738-E420-4E2F-BD83-02E175DD0739} = {20435AA3-6A4C-4C58-9537-9500C4E47ACE}
		{17E962DA-26CA-4C6D-9BC9-DBDF5C760796} = {F19E2101-3683-4FA6-BCCA-C725B9D4D03A}
		{20435AA3-6A4C-4C58-9537-9500C4E47ACE} = {D17B6637-03F8-46C1-8447-E0E346DC8847}
		{81274762-676F-40EA-9CD8-E0D54CAA17D8} = {D17B6637-03F8-46C1-8447-E0E346DC8847}
		{743D3D38-58C7-4E72-8577-41C528749FFB} = {A19FD800-A6AB-4D10-B3DE-F29E7FEBB6C2}
		{A23A5292-74D1-4AFF-A4A4-8908E9273D18} = {743D3D38-58C7-4E72-8577-41C528749FFB}
		{CCF8C712-2136-4C77-A81D-CB98258E6738} = {743D3D38-58C7-4E72-8577-41C528749FFB}
		{62281EBE-7A3E-495C-90B0-4170780B0EF1} = {A19FD800-A6AB-4D10-B3DE-F29E7FEBB6C2}
		{F8AEA1F6-6670-4AB3-852F-1AA2F185B3DD} = {743D3D38-58C7-4E72-8577-41C528749FFB}
		{18C2F2E6-4A41-461E-B9C6-636FB50C6FF5} = {62281EBE-7A3E-495C-90B0-4170780B0EF1}
		{CCCA45E0-C87A-4E7F-A8D6-45EE0187A986} = {743D3D38-58C7-4E72-8577-41C528749FFB}
		{04116DB7-D114-40C7-9B9D-E2CAA22BD0DB} = {743D3D38-58C7-4E72-8577-41C528749FFB}
		{16713DEA-88CB-4D9A-8634-5168AD2F8ED7} = {D93C59B2-1AF9-4E20-BD99-5B368CDB64B7}
		{CFBDDFD9-8C72-4F52-B877-9DB43A439421} = {D93C59B2-1AF9-4E20-BD99-5B368CDB64B7}
	EndGlobalSection
EndGlobal
