
Microsoft Visual Studio Solution File, Format Version 12.00
# Visual Studio 14
VisualStudioVersion = 14.0.25420.1
MinimumVisualStudioVersion = 10.0.40219.1
Project("{FAE04EC0-301F-11D3-BF4B-00C04F79EFBC}") = "Hello", "DotNetLerning\Hello.csproj", "{01B072FC-90F0-4CF9-B78F-C295D1D20047}"
EndProject
Project("{2150E333-8FDC-42A3-9474-1A3956D46DE8}") = "OOP", "OOP", "{D17B6637-03F8-46C1-8447-E0E346DC8847}"
EndProject
Project("{FAE04EC0-301F-11D3-BF4B-00C04F79EFBC}") = "SimpleClassExample", "SimpleClassExample\SimpleClassExample.csproj", "{EBA04738-E420-4E2F-BD83-02E175DD0739}"
EndProject
Project("{2150E333-8FDC-42A3-9474-1A3956D46DE8}") = "delegate and event", "delegate and event", "{F19E2101-3683-4FA6-BCCA-C725B9D4D03A}"
EndProject
Project("{FAE04EC0-301F-11D3-BF4B-00C04F79EFBC}") = "ExampleForDelegat", "ExampleForDelegat\ExampleForDelegat.csproj", "{17E962DA-26CA-4C6D-9BC9-DBDF5C760796}"
EndProject
Project("{2150E333-8FDC-42A3-9474-1A3956D46DE8}") = "Example", "Example", "{20435AA3-6A4C-4C58-9537-9500C4E47ACE}"
EndProject
Project("{2150E333-8FDC-42A3-9474-1A3956D46DE8}") = "practice", "practice", "{81274762-676F-40EA-9CD8-E0D54CAA17D8}"
EndProject
Project("{2150E333-8FDC-42A3-9474-1A3956D46DE8}") = "Methods", "Methods", "{A19FD800-A6AB-4D10-B3DE-F29E7FEBB6C2}"
EndProject
Project("{2150E333-8FDC-42A3-9474-1A3956D46DE8}") = "Example", "Example", "{743D3D38-58C7-4E72-8577-41C528749FFB}"
EndProject
Project("{FAE04EC0-301F-11D3-BF4B-00C04F79EFBC}") = "Triangle", "Triangle\Triangle.csproj", "{A23A5292-74D1-4AFF-A4A4-8908E9273D18}"
EndProject
Project("{FAE04EC0-301F-11D3-BF4B-00C04F79EFBC}") = "TemperatureConverter", "TemperatureConverter\TemperatureConverter.csproj", "{CCF8C712-2136-4C77-A81D-CB98258E6738}"
EndProject
Project("{2150E333-8FDC-42A3-9474-1A3956D46DE8}") = "Practice-9", "Practice-9", "{62281EBE-7A3E-495C-90B0-4170780B0EF1}"
EndProject
Project("{FAE04EC0-301F-11D3-BF4B-00C04F79EFBC}") = "Months", "Months\Months.csproj", "{F8AEA1F6-6670-4AB3-852F-1AA2F185B3DD}"
EndProject
Project("{FAE04EC0-301F-11D3-BF4B-00C04F79EFBC}") = "Practice-GetMax-9-2", "2.GetMax\Practice-GetMax-9-2.csproj", "{18C2F2E6-4A41-461E-B9C6-636FB50C6FF5}"
EndProject
Project("{FAE04EC0-301F-11D3-BF4B-00C04F79EFBC}") = "DataValidation", "DataValidation\DataValidation.csproj", "{CCCA45E0-C87A-4E7F-A8D6-45EE0187A986}"
EndProject
Project("{FAE04EC0-301F-11D3-BF4B-00C04F79EFBC}") = "SortingEngine", "SortingEngine\SortingEngine.csproj", "{04116DB7-D114-40C7-9B9D-E2CAA22BD0DB}"
EndProject
Project("{2150E333-8FDC-42A3-9474-1A3956D46DE8}") = "ADO.Net", "ADO.Net", "{D93C59B2-1AF9-4E20-BD99-5B368CDB64B7}"
EndProject
Project("{FAE04EC0-301F-11D3-BF4B-00C04F79EFBC}") = "ConnectWithDataBase", "ConnectWithDataBase\ConnectWithDataBase.csproj", "{16713DEA-88CB-4D9A-8634-5168AD2F8ED7}"
EndProject
Project("{FAE04EC0-301F-11D3-BF4B-00C04F79EFBC}") = "TestTransactions", "TestTransactions\TestTransactions.csproj", "{CFBDDFD9-8C72-4F52-B877-9DB43A439421}"
EndProject
Project("{FAE04EC0-301F-11D3-BF4B-00C04F79EFBC}") = "DatesDemo", "DatesDemo\DatesDemo.csproj", "{EA948D00-1A82-4472-AE21-48FD9223CA24}"
EndProject
Project("{FAE04EC0-301F-11D3-BF4B-00C04F79EFBC}") = "SronglyTypeDataSet", "SronglyTypeDataSet\SronglyTypeDataSet.csproj", "{FC5ED08C-ADCF-4865-811E-781AECC19E65}"
EndProject
Project("{FAE04EC0-301F-11D3-BF4B-00C04F79EFBC}") = "DataAdapterTest", "DataAdapterTest\DataAdapterTest.csproj", "{CA3CEA67-6FA4-4EB7-B209-DD3FF1092EA1}"
EndProject
Project("{2150E333-8FDC-42A3-9474-1A3956D46DE8}") = "WindowsForms", "WindowsForms", "{2F70A1AE-7AA8-46BB-9475-11100C452EBA}"
EndProject
Project("{FAE04EC0-301F-11D3-BF4B-00C04F79EFBC}") = "SampleForms", "SampleForms\SampleForms.csproj", "{8439AA8F-BB4A-4CA8-A0D4-A35B85D3E491}"
EndProject
Project("{FAE04EC0-301F-11D3-BF4B-00C04F79EFBC}") = "SipleBindingControlWithObject", "SipleBindingControlWithObject\SipleBindingControlWithObject.csproj", "{F902AF2F-CBBF-434C-8DC4-F08FC916D859}"
EndProject
Project("{FAE04EC0-301F-11D3-BF4B-00C04F79EFBC}") = "SimpleBindigWithTable", "SimpleBindigWithTable\SimpleBindigWithTable.csproj", "{E41B9003-2DB1-45D3-BEEA-FCD065464479}"
EndProject
Project("{FAE04EC0-301F-11D3-BF4B-00C04F79EFBC}") = "BindingComtrolToObject", "SimpleBindigWithVS\BindingComtrolToObject.csproj", "{05ADBBC3-0909-40E2-BB29-C6173DC40467}"
EndProject
Project("{FAE04EC0-301F-11D3-BF4B-00C04F79EFBC}") = "CalculatorForm", "CalculatorForm\CalculatorForm.csproj", "{8EBD5777-57DA-415A-AD46-F9F5C4FBE9E7}"
EndProject
Project("{FAE04EC0-301F-11D3-BF4B-00C04F79EFBC}") = "BindingControlToList", "BindingControlToList\BindingControlToList.csproj", "{25F26303-6D96-4FB5-8D1F-13BF5CD567EE}"
EndProject
Project("{FAE04EC0-301F-11D3-BF4B-00C04F79EFBC}") = "ComplexBinding", "ComplexBinding\ComplexBinding.csproj", "{BD9FD82A-6303-42F0-BD22-8E0DEA222780}"
EndProject
Project("{FAE04EC0-301F-11D3-BF4B-00C04F79EFBC}") = "DisplayProducts", "DisplayProducts\DisplayProducts.csproj", "{5279B90F-CDE6-4EE9-9B9B-38616AD952F6}"
EndProject
Project("{FAE04EC0-301F-11D3-BF4B-00C04F79EFBC}") = "ReportOrders", "ReportOrders\ReportOrders.csproj", "{B6F90BA0-F9A0-45F2-AC17-2F4EDC188969}"
EndProject
Project("{FAE04EC0-301F-11D3-BF4B-00C04F79EFBC}") = "ProductsMaintenance", "ProductsMaintenance\ProductsMaintenance.csproj", "{3D3FE044-7170-4FA3-B4FA-219F3DB88980}"
EndProject
Project("{2150E333-8FDC-42A3-9474-1A3956D46DE8}") = "WPF", "WPF", "{22F9DF38-02EC-447B-8325-D08668659855}"
EndProject
Project("{FAE04EC0-301F-11D3-BF4B-00C04F79EFBC}") = "FirstStepDemo", "FirstStepDemo\FirstStepDemo.csproj", "{5CD61BC8-E973-4F5E-8C50-6FF63D45BED9}"
EndProject
Project("{FAE04EC0-301F-11D3-BF4B-00C04F79EFBC}") = "FileOpenDialog-Demo", "ФилеОпенДиалог-Демо\FileOpenDialog-Demo.csproj", "{6252C917-6284-4212-A78A-FBE164FD35E6}"
EndProject
Project("{FAE04EC0-301F-11D3-BF4B-00C04F79EFBC}") = "MultiTextEditor-Demo7", "MultiTextEditor-Demo7\MultiTextEditor-Demo7.csproj", "{EE642D06-F919-448C-BE63-4252B73E2FD3}"
EndProject
Project("{2150E333-8FDC-42A3-9474-1A3956D46DE8}") = "CoreCCharp", "CoreCCharp", "{5BA53ECD-41DC-4756-B073-D8A948DDE2C2}"
EndProject
Project("{2150E333-8FDC-42A3-9474-1A3956D46DE8}") = "Exercise", "Exercise", "{392958D5-92BD-4AB5-B30D-EEF1CCF9B696}"
EndProject
Project("{FAE04EC0-301F-11D3-BF4B-00C04F79EFBC}") = "PrintNumbers1ToN", "Numbers1ToN\PrintNumbers1ToN.csproj", "{022C0245-DBEF-4A34-BEA7-9579C23F0778}"
EndProject
Project("{FAE04EC0-301F-11D3-BF4B-00C04F79EFBC}") = "PrintNumbersDivideBy3Or7", "DivideBy3And7\PrintNumbersDivideBy3Or7.csproj", "{0D505D03-7125-4743-8A9F-4D2674AA4EBC}"
EndProject
Project("{2150E333-8FDC-42A3-9474-1A3956D46DE8}") = "Example", "Example", "{585A5275-0582-4F6E-A836-039C70DED3DC}"
EndProject
Project("{FAE04EC0-301F-11D3-BF4B-00C04F79EFBC}") = "SumNumbers1ToN", "SUMnumbers1ToN\SumNumbers1ToN.csproj", "{F78C5AC0-FDAA-4BF6-9C70-42811A6DD151}"
EndProject
Project("{FAE04EC0-301F-11D3-BF4B-00C04F79EFBC}") = "MVVMDemo", "MVVMDemo\MVVMDemo.csproj", "{23E96DB2-B77F-4AA1-ACDB-505956CC7CA7}"
EndProject
Project("{2150E333-8FDC-42A3-9474-1A3956D46DE8}") = "Loops", "Loops", "{9D7DDE63-2675-425F-9AD6-148374BDC1E5}"
EndProject
Project("{FAE04EC0-301F-11D3-BF4B-00C04F79EFBC}") = "PrimeNumber", "PrimeNumber\PrimeNumber.csproj", "{14B440C2-D642-4288-8BFC-FE233B0F3547}"
EndProject
Project("{FAE04EC0-301F-11D3-BF4B-00C04F79EFBC}") = "CalculateFactorial", "CalculateFactorial\CalculateFactorial.csproj", "{1FEAF3F6-53A4-4841-8479-130AE75EE6EE}"
EndProject
Project("{FAE04EC0-301F-11D3-BF4B-00C04F79EFBC}") = "CalculateFactorialWithDoWhileLoop", "CalculateFactorialWithDoWhileLoop\CalculateFactorialWithDoWhileLoop.csproj", "{564F5E0B-C61B-4DDD-B7BA-43C2115D4922}"
EndProject
Project("{FAE04EC0-301F-11D3-BF4B-00C04F79EFBC}") = "MinAndMaxDigits", "MinAndMaxDigits\MinAndMaxDigits.csproj", "{FEAD372C-E7B2-4BAA-B3C0-405DDE50E4B1}"
EndProject
Project("{FAE04EC0-301F-11D3-BF4B-00C04F79EFBC}") = "DecimalToBineriConvertor", "DecimalToBineriConvertor\DecimalToBineriConvertor.csproj", "{4DAA0A2A-1CAF-4131-A7E9-64F226F68CB1}"
EndProject
Project("{FAE04EC0-301F-11D3-BF4B-00C04F79EFBC}") = "BinaryToDecimal", "BinaryToDecimal\BinaryToDecimal.csproj", "{A70DE684-89FF-4311-8FFC-26456A43CAF0}"
EndProject
Project("{FAE04EC0-301F-11D3-BF4B-00C04F79EFBC}") = "DecimalToHex", "DecimalToHex\DecimalToHex.csproj", "{22D54C83-A79F-48B5-8677-8A415F0F8D06}"
EndProject
Project("{FAE04EC0-301F-11D3-BF4B-00C04F79EFBC}") = "HexadecimalToDecimal", "HexadecimalToDecimal\HexadecimalToDecimal.csproj", "{E73EB703-EBEC-493B-9544-DC4C0CE85D16}"
EndProject
Project("{FAE04EC0-301F-11D3-BF4B-00C04F79EFBC}") = "ProductNToM", "ProductNToM\ProductNToM.csproj", "{83C33210-5E1C-45F8-B809-882294FB532D}"
EndProject
Project("{2150E333-8FDC-42A3-9474-1A3956D46DE8}") = "NumeralSystems", "NumeralSystems", "{D99037F0-2714-4AE9-B469-FB7CD13F4AE5}"
EndProject
Project("{2150E333-8FDC-42A3-9474-1A3956D46DE8}") = "Example", "Example", "{E6BCCCA7-EA73-403A-8975-94D1EF2335E3}"
EndProject
Project("{2150E333-8FDC-42A3-9474-1A3956D46DE8}") = "Exercise", "Exercise", "{2877F81F-9DEB-4BED-A617-E78B58D35F3F}"
EndProject
Project("{FAE04EC0-301F-11D3-BF4B-00C04F79EFBC}") = "Task04DecimalToBinaryConvertor", "Task04DecimalToBinaryConvertor\Task04DecimalToBinaryConvertor.csproj", "{BA6FD871-08F8-4F2B-9681-D880B82660A1}"
EndProject
Project("{FAE04EC0-301F-11D3-BF4B-00C04F79EFBC}") = "Task05BinaryToDecimalConvertor", "Task05inaryToDecimalConvertor\Task05BinaryToDecimalConvertor.csproj", "{0FC61D3D-2C2B-4BA9-843E-F061BFC84058}"
EndProject
Project("{FAE04EC0-301F-11D3-BF4B-00C04F79EFBC}") = "Task06DecimalToHexadecimalConvertor", "Task06DecimalToHexadecimalConvertor\Task06DecimalToHexadecimalConvertor.csproj", "{01C1BB35-BDD2-465B-8DBA-21632C6514C2}"
EndProject
Project("{2150E333-8FDC-42A3-9474-1A3956D46DE8}") = "Ch02PrimitiveDataTypesAndVariables", "Ch02PrimitiveDataTypesAndVariables", "{319D45A4-FDE1-4819-9DBD-6018A8CA6404}"
EndProject
Project("{2150E333-8FDC-42A3-9474-1A3956D46DE8}") = "Example", "Example", "{70EF5CF8-7D5B-4EC8-90F4-42EEBEA87E48}"
EndProject
Project("{2150E333-8FDC-42A3-9474-1A3956D46DE8}") = "Exercise", "Exercise", "{FF7CCC4F-5B0B-4C7E-8DD6-27D3D4A6DE18}"
EndProject
Project("{FAE04EC0-301F-11D3-BF4B-00C04F79EFBC}") = "CharachrerExamp", "CharachrerExamp\CharachrerExamp.csproj", "{DA32377D-C1BC-472A-86DF-6084BF0B5691}"
EndProject
Project("{FAE04EC0-301F-11D3-BF4B-00C04F79EFBC}") = "ReverseTwoInteger", "ReverseTwoInteger\ReverseTwoInteger.csproj", "{A132D01A-EA89-4312-9BBC-D9EE0A18E1A5}"
EndProject
Project("{2150E333-8FDC-42A3-9474-1A3956D46DE8}") = "Ch01StartProgramming", "Ch01StartProgramming", "{99E52F9D-CEAA-4981-976C-B19E481971DC}"
EndProject
Project("{2150E333-8FDC-42A3-9474-1A3956D46DE8}") = "Exercise", "Exercise", "{7C1B08FB-2B79-449B-B8B7-D723CB748EA5}"
EndProject
Project("{FAE04EC0-301F-11D3-BF4B-00C04F79EFBC}") = "01.HelloCSharp", "01.HelloCSharp\01.HelloCSharp.csproj", "{300D7EB2-CD88-45DD-992E-1A6E2761D52F}"
EndProject
Project("{FAE04EC0-301F-11D3-BF4B-00C04F79EFBC}") = "02.Expression", "Expression\02.Expression.csproj", "{D10E3784-24F3-49C7-A774-307CF5320293}"
EndProject
Project("{FAE04EC0-301F-11D3-BF4B-00C04F79EFBC}") = "03.Nums1To20", "03.Nums1To20\03.Nums1To20.csproj", "{E3CD04DA-6C7A-409F-9708-F708E58514BD}"
EndProject
Project("{FAE04EC0-301F-11D3-BF4B-00C04F79EFBC}") = "04.TriangleOf55Stars", "04.TriangleOf55Stars\04.TriangleOf55Stars.csproj", "{07261330-E746-40B3-8EF6-8A0A16524DC3}"
EndProject
Project("{FAE04EC0-301F-11D3-BF4B-00C04F79EFBC}") = "05. RectangleArea", "05. RectangleArea\05. RectangleArea.csproj", "{20CB0C38-16C5-4EF8-B65B-54EE9BBEA018}"
EndProject
Project("{FAE04EC0-301F-11D3-BF4B-00C04F79EFBC}") = "06.SquareofStars", "06.SquareofStars\06.SquareofStars.csproj", "{13A2319A-7FC8-4D58-8677-360F529E5DD2}"
EndProject
Project("{FAE04EC0-301F-11D3-BF4B-00C04F79EFBC}") = "01.Square-Area", "001.Simple-Calculations\01.Square-Area.csproj", "{92092FC8-8865-4FF6-BF2E-FA43E034CB23}"
EndProject
Project("{2150E333-8FDC-42A3-9474-1A3956D46DE8}") = "001.Simple_Calculations", "001.Simple_Calculations", "{A9347035-F464-4131-8CDC-B8303865B72E}"
EndProject
Project("{FAE04EC0-301F-11D3-BF4B-00C04F79EFBC}") = "02. InchesToCentimeters", "02. InchesToCentimeters\02. InchesToCentimeters.csproj", "{21594A7A-48F4-4631-A1FD-F06CC701502C}"
EndProject
Project("{FAE04EC0-301F-11D3-BF4B-00C04F79EFBC}") = "03.GreetingByName", "03.GreetingByName\03.GreetingByName.csproj", "{09B2971A-54DD-4DE7-A696-21AC1B7115AC}"
EndProject
Project("{FAE04EC0-301F-11D3-BF4B-00C04F79EFBC}") = "04.ConcatenateData", "04.ConcatenateData\04.ConcatenateData.csproj", "{EAA1854E-2597-44CF-989B-5EF5B328B944}"
EndProject
Project("{FAE04EC0-301F-11D3-BF4B-00C04F79EFBC}") = "05.TrapeziodArea", "05.TrapeziodArea\05.TrapeziodArea.csproj", "{92B037C0-EDCE-4848-B37A-46E3985F293A}"
EndProject
Project("{FAE04EC0-301F-11D3-BF4B-00C04F79EFBC}") = "06.CircleAreaAndPerimeter", "06.CircleAreaAndPerimeter\06.CircleAreaAndPerimeter.csproj", "{8433BC36-B53F-4B71-8A41-B0BCE5125FFE}"
EndProject
Project("{FAE04EC0-301F-11D3-BF4B-00C04F79EFBC}") = "07.2DRectangleArea", "07.2DRectangleArea\07.2DRectangleArea.csproj", "{9793AEC2-1025-4B31-8B2F-1CEBE38A7501}"
EndProject
Project("{FAE04EC0-301F-11D3-BF4B-00C04F79EFBC}") = "08.TriangleArea", "08.TriangleArea\08.TriangleArea.csproj", "{98A058C3-4398-4F3C-A7DC-E8680DC38740}"
EndProject
Project("{FAE04EC0-301F-11D3-BF4B-00C04F79EFBC}") = "09.CelsiusToFahrenheit", "09.CelsiusToFahrenheit\09.CelsiusToFahrenheit.csproj", "{E32B9A6E-1AEF-40FB-89BF-0C8AE30BD54A}"
EndProject
Project("{FAE04EC0-301F-11D3-BF4B-00C04F79EFBC}") = "10.RadiansToDegrees", "10.RadiansToDegrees\10.RadiansToDegrees.csproj", "{DED253C6-22BF-45F4-B7B3-2E237C5B3B2C}"
EndProject
Project("{FAE04EC0-301F-11D3-BF4B-00C04F79EFBC}") = "11.USDToBGN", "11.USDtoBGN\11.USDToBGN.csproj", "{391B8816-995A-4C1D-9742-AD697B74E0AF}"
EndProject
Project("{FAE04EC0-301F-11D3-BF4B-00C04F79EFBC}") = "12.CurrencyConverter", "12.CurrencyConverter\12.CurrencyConverter.csproj", "{E11E2B63-4044-4EAE-95FC-FB149EB7A125}"
EndProject
Global
	GlobalSection(SolutionConfigurationPlatforms) = preSolution
		Debug|Any CPU = Debug|Any CPU
		Debug|x86 = Debug|x86
		Release|Any CPU = Release|Any CPU
		Release|x86 = Release|x86
	EndGlobalSection
	GlobalSection(ProjectConfigurationPlatforms) = postSolution
		{01B072FC-90F0-4CF9-B78F-C295D1D20047}.Debug|Any CPU.ActiveCfg = Debug|Any CPU
		{01B072FC-90F0-4CF9-B78F-C295D1D20047}.Debug|Any CPU.Build.0 = Debug|Any CPU
		{01B072FC-90F0-4CF9-B78F-C295D1D20047}.Debug|x86.ActiveCfg = Debug|Any CPU
		{01B072FC-90F0-4CF9-B78F-C295D1D20047}.Debug|x86.Build.0 = Debug|Any CPU
		{01B072FC-90F0-4CF9-B78F-C295D1D20047}.Release|Any CPU.ActiveCfg = Release|Any CPU
		{01B072FC-90F0-4CF9-B78F-C295D1D20047}.Release|Any CPU.Build.0 = Release|Any CPU
		{01B072FC-90F0-4CF9-B78F-C295D1D20047}.Release|x86.ActiveCfg = Release|Any CPU
		{01B072FC-90F0-4CF9-B78F-C295D1D20047}.Release|x86.Build.0 = Release|Any CPU
		{EBA04738-E420-4E2F-BD83-02E175DD0739}.Debug|Any CPU.ActiveCfg = Debug|Any CPU
		{EBA04738-E420-4E2F-BD83-02E175DD0739}.Debug|Any CPU.Build.0 = Debug|Any CPU
		{EBA04738-E420-4E2F-BD83-02E175DD0739}.Debug|x86.ActiveCfg = Debug|Any CPU
		{EBA04738-E420-4E2F-BD83-02E175DD0739}.Debug|x86.Build.0 = Debug|Any CPU
		{EBA04738-E420-4E2F-BD83-02E175DD0739}.Release|Any CPU.ActiveCfg = Release|Any CPU
		{EBA04738-E420-4E2F-BD83-02E175DD0739}.Release|Any CPU.Build.0 = Release|Any CPU
		{EBA04738-E420-4E2F-BD83-02E175DD0739}.Release|x86.ActiveCfg = Release|Any CPU
		{EBA04738-E420-4E2F-BD83-02E175DD0739}.Release|x86.Build.0 = Release|Any CPU
		{17E962DA-26CA-4C6D-9BC9-DBDF5C760796}.Debug|Any CPU.ActiveCfg = Debug|Any CPU
		{17E962DA-26CA-4C6D-9BC9-DBDF5C760796}.Debug|Any CPU.Build.0 = Debug|Any CPU
		{17E962DA-26CA-4C6D-9BC9-DBDF5C760796}.Debug|x86.ActiveCfg = Debug|Any CPU
		{17E962DA-26CA-4C6D-9BC9-DBDF5C760796}.Debug|x86.Build.0 = Debug|Any CPU
		{17E962DA-26CA-4C6D-9BC9-DBDF5C760796}.Release|Any CPU.ActiveCfg = Release|Any CPU
		{17E962DA-26CA-4C6D-9BC9-DBDF5C760796}.Release|Any CPU.Build.0 = Release|Any CPU
		{17E962DA-26CA-4C6D-9BC9-DBDF5C760796}.Release|x86.ActiveCfg = Release|Any CPU
		{17E962DA-26CA-4C6D-9BC9-DBDF5C760796}.Release|x86.Build.0 = Release|Any CPU
		{A23A5292-74D1-4AFF-A4A4-8908E9273D18}.Debug|Any CPU.ActiveCfg = Debug|Any CPU
		{A23A5292-74D1-4AFF-A4A4-8908E9273D18}.Debug|Any CPU.Build.0 = Debug|Any CPU
		{A23A5292-74D1-4AFF-A4A4-8908E9273D18}.Debug|x86.ActiveCfg = Debug|Any CPU
		{A23A5292-74D1-4AFF-A4A4-8908E9273D18}.Debug|x86.Build.0 = Debug|Any CPU
		{A23A5292-74D1-4AFF-A4A4-8908E9273D18}.Release|Any CPU.ActiveCfg = Release|Any CPU
		{A23A5292-74D1-4AFF-A4A4-8908E9273D18}.Release|Any CPU.Build.0 = Release|Any CPU
		{A23A5292-74D1-4AFF-A4A4-8908E9273D18}.Release|x86.ActiveCfg = Release|Any CPU
		{A23A5292-74D1-4AFF-A4A4-8908E9273D18}.Release|x86.Build.0 = Release|Any CPU
		{CCF8C712-2136-4C77-A81D-CB98258E6738}.Debug|Any CPU.ActiveCfg = Debug|Any CPU
		{CCF8C712-2136-4C77-A81D-CB98258E6738}.Debug|Any CPU.Build.0 = Debug|Any CPU
		{CCF8C712-2136-4C77-A81D-CB98258E6738}.Debug|x86.ActiveCfg = Debug|Any CPU
		{CCF8C712-2136-4C77-A81D-CB98258E6738}.Debug|x86.Build.0 = Debug|Any CPU
		{CCF8C712-2136-4C77-A81D-CB98258E6738}.Release|Any CPU.ActiveCfg = Release|Any CPU
		{CCF8C712-2136-4C77-A81D-CB98258E6738}.Release|Any CPU.Build.0 = Release|Any CPU
		{CCF8C712-2136-4C77-A81D-CB98258E6738}.Release|x86.ActiveCfg = Release|Any CPU
		{CCF8C712-2136-4C77-A81D-CB98258E6738}.Release|x86.Build.0 = Release|Any CPU
		{F8AEA1F6-6670-4AB3-852F-1AA2F185B3DD}.Debug|Any CPU.ActiveCfg = Debug|Any CPU
		{F8AEA1F6-6670-4AB3-852F-1AA2F185B3DD}.Debug|Any CPU.Build.0 = Debug|Any CPU
		{F8AEA1F6-6670-4AB3-852F-1AA2F185B3DD}.Debug|x86.ActiveCfg = Debug|Any CPU
		{F8AEA1F6-6670-4AB3-852F-1AA2F185B3DD}.Debug|x86.Build.0 = Debug|Any CPU
		{F8AEA1F6-6670-4AB3-852F-1AA2F185B3DD}.Release|Any CPU.ActiveCfg = Release|Any CPU
		{F8AEA1F6-6670-4AB3-852F-1AA2F185B3DD}.Release|Any CPU.Build.0 = Release|Any CPU
		{F8AEA1F6-6670-4AB3-852F-1AA2F185B3DD}.Release|x86.ActiveCfg = Release|Any CPU
		{F8AEA1F6-6670-4AB3-852F-1AA2F185B3DD}.Release|x86.Build.0 = Release|Any CPU
		{18C2F2E6-4A41-461E-B9C6-636FB50C6FF5}.Debug|Any CPU.ActiveCfg = Debug|Any CPU
		{18C2F2E6-4A41-461E-B9C6-636FB50C6FF5}.Debug|Any CPU.Build.0 = Debug|Any CPU
		{18C2F2E6-4A41-461E-B9C6-636FB50C6FF5}.Debug|x86.ActiveCfg = Debug|Any CPU
		{18C2F2E6-4A41-461E-B9C6-636FB50C6FF5}.Debug|x86.Build.0 = Debug|Any CPU
		{18C2F2E6-4A41-461E-B9C6-636FB50C6FF5}.Release|Any CPU.ActiveCfg = Release|Any CPU
		{18C2F2E6-4A41-461E-B9C6-636FB50C6FF5}.Release|Any CPU.Build.0 = Release|Any CPU
		{18C2F2E6-4A41-461E-B9C6-636FB50C6FF5}.Release|x86.ActiveCfg = Release|Any CPU
		{18C2F2E6-4A41-461E-B9C6-636FB50C6FF5}.Release|x86.Build.0 = Release|Any CPU
		{CCCA45E0-C87A-4E7F-A8D6-45EE0187A986}.Debug|Any CPU.ActiveCfg = Debug|Any CPU
		{CCCA45E0-C87A-4E7F-A8D6-45EE0187A986}.Debug|Any CPU.Build.0 = Debug|Any CPU
		{CCCA45E0-C87A-4E7F-A8D6-45EE0187A986}.Debug|x86.ActiveCfg = Debug|Any CPU
		{CCCA45E0-C87A-4E7F-A8D6-45EE0187A986}.Debug|x86.Build.0 = Debug|Any CPU
		{CCCA45E0-C87A-4E7F-A8D6-45EE0187A986}.Release|Any CPU.ActiveCfg = Release|Any CPU
		{CCCA45E0-C87A-4E7F-A8D6-45EE0187A986}.Release|Any CPU.Build.0 = Release|Any CPU
		{CCCA45E0-C87A-4E7F-A8D6-45EE0187A986}.Release|x86.ActiveCfg = Release|Any CPU
		{CCCA45E0-C87A-4E7F-A8D6-45EE0187A986}.Release|x86.Build.0 = Release|Any CPU
		{04116DB7-D114-40C7-9B9D-E2CAA22BD0DB}.Debug|Any CPU.ActiveCfg = Debug|Any CPU
		{04116DB7-D114-40C7-9B9D-E2CAA22BD0DB}.Debug|Any CPU.Build.0 = Debug|Any CPU
		{04116DB7-D114-40C7-9B9D-E2CAA22BD0DB}.Debug|x86.ActiveCfg = Debug|Any CPU
		{04116DB7-D114-40C7-9B9D-E2CAA22BD0DB}.Debug|x86.Build.0 = Debug|Any CPU
		{04116DB7-D114-40C7-9B9D-E2CAA22BD0DB}.Release|Any CPU.ActiveCfg = Release|Any CPU
		{04116DB7-D114-40C7-9B9D-E2CAA22BD0DB}.Release|Any CPU.Build.0 = Release|Any CPU
		{04116DB7-D114-40C7-9B9D-E2CAA22BD0DB}.Release|x86.ActiveCfg = Release|Any CPU
		{04116DB7-D114-40C7-9B9D-E2CAA22BD0DB}.Release|x86.Build.0 = Release|Any CPU
		{16713DEA-88CB-4D9A-8634-5168AD2F8ED7}.Debug|Any CPU.ActiveCfg = Debug|Any CPU
		{16713DEA-88CB-4D9A-8634-5168AD2F8ED7}.Debug|Any CPU.Build.0 = Debug|Any CPU
		{16713DEA-88CB-4D9A-8634-5168AD2F8ED7}.Debug|x86.ActiveCfg = Debug|Any CPU
		{16713DEA-88CB-4D9A-8634-5168AD2F8ED7}.Debug|x86.Build.0 = Debug|Any CPU
		{16713DEA-88CB-4D9A-8634-5168AD2F8ED7}.Release|Any CPU.ActiveCfg = Release|Any CPU
		{16713DEA-88CB-4D9A-8634-5168AD2F8ED7}.Release|Any CPU.Build.0 = Release|Any CPU
		{16713DEA-88CB-4D9A-8634-5168AD2F8ED7}.Release|x86.ActiveCfg = Release|Any CPU
		{16713DEA-88CB-4D9A-8634-5168AD2F8ED7}.Release|x86.Build.0 = Release|Any CPU
		{CFBDDFD9-8C72-4F52-B877-9DB43A439421}.Debug|Any CPU.ActiveCfg = Debug|Any CPU
		{CFBDDFD9-8C72-4F52-B877-9DB43A439421}.Debug|Any CPU.Build.0 = Debug|Any CPU
		{CFBDDFD9-8C72-4F52-B877-9DB43A439421}.Debug|x86.ActiveCfg = Debug|Any CPU
		{CFBDDFD9-8C72-4F52-B877-9DB43A439421}.Debug|x86.Build.0 = Debug|Any CPU
		{CFBDDFD9-8C72-4F52-B877-9DB43A439421}.Release|Any CPU.ActiveCfg = Release|Any CPU
		{CFBDDFD9-8C72-4F52-B877-9DB43A439421}.Release|Any CPU.Build.0 = Release|Any CPU
		{CFBDDFD9-8C72-4F52-B877-9DB43A439421}.Release|x86.ActiveCfg = Release|Any CPU
		{CFBDDFD9-8C72-4F52-B877-9DB43A439421}.Release|x86.Build.0 = Release|Any CPU
		{EA948D00-1A82-4472-AE21-48FD9223CA24}.Debug|Any CPU.ActiveCfg = Debug|Any CPU
		{EA948D00-1A82-4472-AE21-48FD9223CA24}.Debug|Any CPU.Build.0 = Debug|Any CPU
		{EA948D00-1A82-4472-AE21-48FD9223CA24}.Debug|x86.ActiveCfg = Debug|Any CPU
		{EA948D00-1A82-4472-AE21-48FD9223CA24}.Debug|x86.Build.0 = Debug|Any CPU
		{EA948D00-1A82-4472-AE21-48FD9223CA24}.Release|Any CPU.ActiveCfg = Release|Any CPU
		{EA948D00-1A82-4472-AE21-48FD9223CA24}.Release|Any CPU.Build.0 = Release|Any CPU
		{EA948D00-1A82-4472-AE21-48FD9223CA24}.Release|x86.ActiveCfg = Release|Any CPU
		{EA948D00-1A82-4472-AE21-48FD9223CA24}.Release|x86.Build.0 = Release|Any CPU
		{FC5ED08C-ADCF-4865-811E-781AECC19E65}.Debug|Any CPU.ActiveCfg = Debug|Any CPU
		{FC5ED08C-ADCF-4865-811E-781AECC19E65}.Debug|Any CPU.Build.0 = Debug|Any CPU
		{FC5ED08C-ADCF-4865-811E-781AECC19E65}.Debug|x86.ActiveCfg = Debug|Any CPU
		{FC5ED08C-ADCF-4865-811E-781AECC19E65}.Debug|x86.Build.0 = Debug|Any CPU
		{FC5ED08C-ADCF-4865-811E-781AECC19E65}.Release|Any CPU.ActiveCfg = Release|Any CPU
		{FC5ED08C-ADCF-4865-811E-781AECC19E65}.Release|Any CPU.Build.0 = Release|Any CPU
		{FC5ED08C-ADCF-4865-811E-781AECC19E65}.Release|x86.ActiveCfg = Release|Any CPU
		{FC5ED08C-ADCF-4865-811E-781AECC19E65}.Release|x86.Build.0 = Release|Any CPU
		{CA3CEA67-6FA4-4EB7-B209-DD3FF1092EA1}.Debug|Any CPU.ActiveCfg = Debug|Any CPU
		{CA3CEA67-6FA4-4EB7-B209-DD3FF1092EA1}.Debug|Any CPU.Build.0 = Debug|Any CPU
		{CA3CEA67-6FA4-4EB7-B209-DD3FF1092EA1}.Debug|x86.ActiveCfg = Debug|Any CPU
		{CA3CEA67-6FA4-4EB7-B209-DD3FF1092EA1}.Debug|x86.Build.0 = Debug|Any CPU
		{CA3CEA67-6FA4-4EB7-B209-DD3FF1092EA1}.Release|Any CPU.ActiveCfg = Release|Any CPU
		{CA3CEA67-6FA4-4EB7-B209-DD3FF1092EA1}.Release|Any CPU.Build.0 = Release|Any CPU
		{CA3CEA67-6FA4-4EB7-B209-DD3FF1092EA1}.Release|x86.ActiveCfg = Release|Any CPU
		{CA3CEA67-6FA4-4EB7-B209-DD3FF1092EA1}.Release|x86.Build.0 = Release|Any CPU
		{8439AA8F-BB4A-4CA8-A0D4-A35B85D3E491}.Debug|Any CPU.ActiveCfg = Debug|Any CPU
		{8439AA8F-BB4A-4CA8-A0D4-A35B85D3E491}.Debug|Any CPU.Build.0 = Debug|Any CPU
		{8439AA8F-BB4A-4CA8-A0D4-A35B85D3E491}.Debug|x86.ActiveCfg = Debug|Any CPU
		{8439AA8F-BB4A-4CA8-A0D4-A35B85D3E491}.Debug|x86.Build.0 = Debug|Any CPU
		{8439AA8F-BB4A-4CA8-A0D4-A35B85D3E491}.Release|Any CPU.ActiveCfg = Release|Any CPU
		{8439AA8F-BB4A-4CA8-A0D4-A35B85D3E491}.Release|Any CPU.Build.0 = Release|Any CPU
		{8439AA8F-BB4A-4CA8-A0D4-A35B85D3E491}.Release|x86.ActiveCfg = Release|Any CPU
		{8439AA8F-BB4A-4CA8-A0D4-A35B85D3E491}.Release|x86.Build.0 = Release|Any CPU
		{F902AF2F-CBBF-434C-8DC4-F08FC916D859}.Debug|Any CPU.ActiveCfg = Debug|Any CPU
		{F902AF2F-CBBF-434C-8DC4-F08FC916D859}.Debug|Any CPU.Build.0 = Debug|Any CPU
		{F902AF2F-CBBF-434C-8DC4-F08FC916D859}.Debug|x86.ActiveCfg = Debug|Any CPU
		{F902AF2F-CBBF-434C-8DC4-F08FC916D859}.Debug|x86.Build.0 = Debug|Any CPU
		{F902AF2F-CBBF-434C-8DC4-F08FC916D859}.Release|Any CPU.ActiveCfg = Release|Any CPU
		{F902AF2F-CBBF-434C-8DC4-F08FC916D859}.Release|Any CPU.Build.0 = Release|Any CPU
		{F902AF2F-CBBF-434C-8DC4-F08FC916D859}.Release|x86.ActiveCfg = Release|Any CPU
		{F902AF2F-CBBF-434C-8DC4-F08FC916D859}.Release|x86.Build.0 = Release|Any CPU
		{E41B9003-2DB1-45D3-BEEA-FCD065464479}.Debug|Any CPU.ActiveCfg = Debug|Any CPU
		{E41B9003-2DB1-45D3-BEEA-FCD065464479}.Debug|Any CPU.Build.0 = Debug|Any CPU
		{E41B9003-2DB1-45D3-BEEA-FCD065464479}.Debug|x86.ActiveCfg = Debug|Any CPU
		{E41B9003-2DB1-45D3-BEEA-FCD065464479}.Debug|x86.Build.0 = Debug|Any CPU
		{E41B9003-2DB1-45D3-BEEA-FCD065464479}.Release|Any CPU.ActiveCfg = Release|Any CPU
		{E41B9003-2DB1-45D3-BEEA-FCD065464479}.Release|Any CPU.Build.0 = Release|Any CPU
		{E41B9003-2DB1-45D3-BEEA-FCD065464479}.Release|x86.ActiveCfg = Release|Any CPU
		{E41B9003-2DB1-45D3-BEEA-FCD065464479}.Release|x86.Build.0 = Release|Any CPU
		{05ADBBC3-0909-40E2-BB29-C6173DC40467}.Debug|Any CPU.ActiveCfg = Debug|Any CPU
		{05ADBBC3-0909-40E2-BB29-C6173DC40467}.Debug|Any CPU.Build.0 = Debug|Any CPU
		{05ADBBC3-0909-40E2-BB29-C6173DC40467}.Debug|x86.ActiveCfg = Debug|Any CPU
		{05ADBBC3-0909-40E2-BB29-C6173DC40467}.Debug|x86.Build.0 = Debug|Any CPU
		{05ADBBC3-0909-40E2-BB29-C6173DC40467}.Release|Any CPU.ActiveCfg = Release|Any CPU
		{05ADBBC3-0909-40E2-BB29-C6173DC40467}.Release|Any CPU.Build.0 = Release|Any CPU
		{05ADBBC3-0909-40E2-BB29-C6173DC40467}.Release|x86.ActiveCfg = Release|Any CPU
		{05ADBBC3-0909-40E2-BB29-C6173DC40467}.Release|x86.Build.0 = Release|Any CPU
		{8EBD5777-57DA-415A-AD46-F9F5C4FBE9E7}.Debug|Any CPU.ActiveCfg = Debug|Any CPU
		{8EBD5777-57DA-415A-AD46-F9F5C4FBE9E7}.Debug|Any CPU.Build.0 = Debug|Any CPU
		{8EBD5777-57DA-415A-AD46-F9F5C4FBE9E7}.Debug|x86.ActiveCfg = Debug|Any CPU
		{8EBD5777-57DA-415A-AD46-F9F5C4FBE9E7}.Debug|x86.Build.0 = Debug|Any CPU
		{8EBD5777-57DA-415A-AD46-F9F5C4FBE9E7}.Release|Any CPU.ActiveCfg = Release|Any CPU
		{8EBD5777-57DA-415A-AD46-F9F5C4FBE9E7}.Release|Any CPU.Build.0 = Release|Any CPU
		{8EBD5777-57DA-415A-AD46-F9F5C4FBE9E7}.Release|x86.ActiveCfg = Release|Any CPU
		{8EBD5777-57DA-415A-AD46-F9F5C4FBE9E7}.Release|x86.Build.0 = Release|Any CPU
		{25F26303-6D96-4FB5-8D1F-13BF5CD567EE}.Debug|Any CPU.ActiveCfg = Debug|Any CPU
		{25F26303-6D96-4FB5-8D1F-13BF5CD567EE}.Debug|Any CPU.Build.0 = Debug|Any CPU
		{25F26303-6D96-4FB5-8D1F-13BF5CD567EE}.Debug|x86.ActiveCfg = Debug|Any CPU
		{25F26303-6D96-4FB5-8D1F-13BF5CD567EE}.Debug|x86.Build.0 = Debug|Any CPU
		{25F26303-6D96-4FB5-8D1F-13BF5CD567EE}.Release|Any CPU.ActiveCfg = Release|Any CPU
		{25F26303-6D96-4FB5-8D1F-13BF5CD567EE}.Release|Any CPU.Build.0 = Release|Any CPU
		{25F26303-6D96-4FB5-8D1F-13BF5CD567EE}.Release|x86.ActiveCfg = Release|Any CPU
		{25F26303-6D96-4FB5-8D1F-13BF5CD567EE}.Release|x86.Build.0 = Release|Any CPU
		{BD9FD82A-6303-42F0-BD22-8E0DEA222780}.Debug|Any CPU.ActiveCfg = Debug|Any CPU
		{BD9FD82A-6303-42F0-BD22-8E0DEA222780}.Debug|Any CPU.Build.0 = Debug|Any CPU
		{BD9FD82A-6303-42F0-BD22-8E0DEA222780}.Debug|x86.ActiveCfg = Debug|Any CPU
		{BD9FD82A-6303-42F0-BD22-8E0DEA222780}.Debug|x86.Build.0 = Debug|Any CPU
		{BD9FD82A-6303-42F0-BD22-8E0DEA222780}.Release|Any CPU.ActiveCfg = Release|Any CPU
		{BD9FD82A-6303-42F0-BD22-8E0DEA222780}.Release|Any CPU.Build.0 = Release|Any CPU
		{BD9FD82A-6303-42F0-BD22-8E0DEA222780}.Release|x86.ActiveCfg = Release|Any CPU
		{BD9FD82A-6303-42F0-BD22-8E0DEA222780}.Release|x86.Build.0 = Release|Any CPU
		{5279B90F-CDE6-4EE9-9B9B-38616AD952F6}.Debug|Any CPU.ActiveCfg = Debug|Any CPU
		{5279B90F-CDE6-4EE9-9B9B-38616AD952F6}.Debug|Any CPU.Build.0 = Debug|Any CPU
		{5279B90F-CDE6-4EE9-9B9B-38616AD952F6}.Debug|x86.ActiveCfg = Debug|Any CPU
		{5279B90F-CDE6-4EE9-9B9B-38616AD952F6}.Debug|x86.Build.0 = Debug|Any CPU
		{5279B90F-CDE6-4EE9-9B9B-38616AD952F6}.Release|Any CPU.ActiveCfg = Release|Any CPU
		{5279B90F-CDE6-4EE9-9B9B-38616AD952F6}.Release|Any CPU.Build.0 = Release|Any CPU
		{5279B90F-CDE6-4EE9-9B9B-38616AD952F6}.Release|x86.ActiveCfg = Release|Any CPU
		{5279B90F-CDE6-4EE9-9B9B-38616AD952F6}.Release|x86.Build.0 = Release|Any CPU
		{B6F90BA0-F9A0-45F2-AC17-2F4EDC188969}.Debug|Any CPU.ActiveCfg = Debug|Any CPU
		{B6F90BA0-F9A0-45F2-AC17-2F4EDC188969}.Debug|Any CPU.Build.0 = Debug|Any CPU
		{B6F90BA0-F9A0-45F2-AC17-2F4EDC188969}.Debug|x86.ActiveCfg = Debug|Any CPU
		{B6F90BA0-F9A0-45F2-AC17-2F4EDC188969}.Debug|x86.Build.0 = Debug|Any CPU
		{B6F90BA0-F9A0-45F2-AC17-2F4EDC188969}.Release|Any CPU.ActiveCfg = Release|Any CPU
		{B6F90BA0-F9A0-45F2-AC17-2F4EDC188969}.Release|Any CPU.Build.0 = Release|Any CPU
		{B6F90BA0-F9A0-45F2-AC17-2F4EDC188969}.Release|x86.ActiveCfg = Release|Any CPU
		{B6F90BA0-F9A0-45F2-AC17-2F4EDC188969}.Release|x86.Build.0 = Release|Any CPU
		{3D3FE044-7170-4FA3-B4FA-219F3DB88980}.Debug|Any CPU.ActiveCfg = Debug|Any CPU
		{3D3FE044-7170-4FA3-B4FA-219F3DB88980}.Debug|Any CPU.Build.0 = Debug|Any CPU
		{3D3FE044-7170-4FA3-B4FA-219F3DB88980}.Debug|x86.ActiveCfg = Debug|Any CPU
		{3D3FE044-7170-4FA3-B4FA-219F3DB88980}.Debug|x86.Build.0 = Debug|Any CPU
		{3D3FE044-7170-4FA3-B4FA-219F3DB88980}.Release|Any CPU.ActiveCfg = Release|Any CPU
		{3D3FE044-7170-4FA3-B4FA-219F3DB88980}.Release|Any CPU.Build.0 = Release|Any CPU
		{3D3FE044-7170-4FA3-B4FA-219F3DB88980}.Release|x86.ActiveCfg = Release|Any CPU
		{3D3FE044-7170-4FA3-B4FA-219F3DB88980}.Release|x86.Build.0 = Release|Any CPU
		{5CD61BC8-E973-4F5E-8C50-6FF63D45BED9}.Debug|Any CPU.ActiveCfg = Debug|Any CPU
		{5CD61BC8-E973-4F5E-8C50-6FF63D45BED9}.Debug|Any CPU.Build.0 = Debug|Any CPU
		{5CD61BC8-E973-4F5E-8C50-6FF63D45BED9}.Debug|x86.ActiveCfg = Debug|Any CPU
		{5CD61BC8-E973-4F5E-8C50-6FF63D45BED9}.Debug|x86.Build.0 = Debug|Any CPU
		{5CD61BC8-E973-4F5E-8C50-6FF63D45BED9}.Release|Any CPU.ActiveCfg = Release|Any CPU
		{5CD61BC8-E973-4F5E-8C50-6FF63D45BED9}.Release|Any CPU.Build.0 = Release|Any CPU
		{5CD61BC8-E973-4F5E-8C50-6FF63D45BED9}.Release|x86.ActiveCfg = Release|Any CPU
		{5CD61BC8-E973-4F5E-8C50-6FF63D45BED9}.Release|x86.Build.0 = Release|Any CPU
		{6252C917-6284-4212-A78A-FBE164FD35E6}.Debug|Any CPU.ActiveCfg = Debug|Any CPU
		{6252C917-6284-4212-A78A-FBE164FD35E6}.Debug|Any CPU.Build.0 = Debug|Any CPU
		{6252C917-6284-4212-A78A-FBE164FD35E6}.Debug|x86.ActiveCfg = Debug|Any CPU
		{6252C917-6284-4212-A78A-FBE164FD35E6}.Debug|x86.Build.0 = Debug|Any CPU
		{6252C917-6284-4212-A78A-FBE164FD35E6}.Release|Any CPU.ActiveCfg = Release|Any CPU
		{6252C917-6284-4212-A78A-FBE164FD35E6}.Release|Any CPU.Build.0 = Release|Any CPU
		{6252C917-6284-4212-A78A-FBE164FD35E6}.Release|x86.ActiveCfg = Release|Any CPU
		{6252C917-6284-4212-A78A-FBE164FD35E6}.Release|x86.Build.0 = Release|Any CPU
		{EE642D06-F919-448C-BE63-4252B73E2FD3}.Debug|Any CPU.ActiveCfg = Debug|Any CPU
		{EE642D06-F919-448C-BE63-4252B73E2FD3}.Debug|Any CPU.Build.0 = Debug|Any CPU
		{EE642D06-F919-448C-BE63-4252B73E2FD3}.Debug|x86.ActiveCfg = Debug|Any CPU
		{EE642D06-F919-448C-BE63-4252B73E2FD3}.Debug|x86.Build.0 = Debug|Any CPU
		{EE642D06-F919-448C-BE63-4252B73E2FD3}.Release|Any CPU.ActiveCfg = Release|Any CPU
		{EE642D06-F919-448C-BE63-4252B73E2FD3}.Release|Any CPU.Build.0 = Release|Any CPU
		{EE642D06-F919-448C-BE63-4252B73E2FD3}.Release|x86.ActiveCfg = Release|Any CPU
		{EE642D06-F919-448C-BE63-4252B73E2FD3}.Release|x86.Build.0 = Release|Any CPU
		{022C0245-DBEF-4A34-BEA7-9579C23F0778}.Debug|Any CPU.ActiveCfg = Debug|Any CPU
		{022C0245-DBEF-4A34-BEA7-9579C23F0778}.Debug|Any CPU.Build.0 = Debug|Any CPU
		{022C0245-DBEF-4A34-BEA7-9579C23F0778}.Debug|x86.ActiveCfg = Debug|Any CPU
		{022C0245-DBEF-4A34-BEA7-9579C23F0778}.Debug|x86.Build.0 = Debug|Any CPU
		{022C0245-DBEF-4A34-BEA7-9579C23F0778}.Release|Any CPU.ActiveCfg = Release|Any CPU
		{022C0245-DBEF-4A34-BEA7-9579C23F0778}.Release|Any CPU.Build.0 = Release|Any CPU
		{022C0245-DBEF-4A34-BEA7-9579C23F0778}.Release|x86.ActiveCfg = Release|Any CPU
		{022C0245-DBEF-4A34-BEA7-9579C23F0778}.Release|x86.Build.0 = Release|Any CPU
		{0D505D03-7125-4743-8A9F-4D2674AA4EBC}.Debug|Any CPU.ActiveCfg = Debug|Any CPU
		{0D505D03-7125-4743-8A9F-4D2674AA4EBC}.Debug|Any CPU.Build.0 = Debug|Any CPU
		{0D505D03-7125-4743-8A9F-4D2674AA4EBC}.Debug|x86.ActiveCfg = Debug|Any CPU
		{0D505D03-7125-4743-8A9F-4D2674AA4EBC}.Debug|x86.Build.0 = Debug|Any CPU
		{0D505D03-7125-4743-8A9F-4D2674AA4EBC}.Release|Any CPU.ActiveCfg = Release|Any CPU
		{0D505D03-7125-4743-8A9F-4D2674AA4EBC}.Release|Any CPU.Build.0 = Release|Any CPU
		{0D505D03-7125-4743-8A9F-4D2674AA4EBC}.Release|x86.ActiveCfg = Release|Any CPU
		{0D505D03-7125-4743-8A9F-4D2674AA4EBC}.Release|x86.Build.0 = Release|Any CPU
		{F78C5AC0-FDAA-4BF6-9C70-42811A6DD151}.Debug|Any CPU.ActiveCfg = Debug|Any CPU
		{F78C5AC0-FDAA-4BF6-9C70-42811A6DD151}.Debug|Any CPU.Build.0 = Debug|Any CPU
		{F78C5AC0-FDAA-4BF6-9C70-42811A6DD151}.Debug|x86.ActiveCfg = Debug|Any CPU
		{F78C5AC0-FDAA-4BF6-9C70-42811A6DD151}.Debug|x86.Build.0 = Debug|Any CPU
		{F78C5AC0-FDAA-4BF6-9C70-42811A6DD151}.Release|Any CPU.ActiveCfg = Release|Any CPU
		{F78C5AC0-FDAA-4BF6-9C70-42811A6DD151}.Release|Any CPU.Build.0 = Release|Any CPU
		{F78C5AC0-FDAA-4BF6-9C70-42811A6DD151}.Release|x86.ActiveCfg = Release|Any CPU
		{F78C5AC0-FDAA-4BF6-9C70-42811A6DD151}.Release|x86.Build.0 = Release|Any CPU
		{23E96DB2-B77F-4AA1-ACDB-505956CC7CA7}.Debug|Any CPU.ActiveCfg = Debug|Any CPU
		{23E96DB2-B77F-4AA1-ACDB-505956CC7CA7}.Debug|Any CPU.Build.0 = Debug|Any CPU
		{23E96DB2-B77F-4AA1-ACDB-505956CC7CA7}.Debug|x86.ActiveCfg = Debug|Any CPU
		{23E96DB2-B77F-4AA1-ACDB-505956CC7CA7}.Debug|x86.Build.0 = Debug|Any CPU
		{23E96DB2-B77F-4AA1-ACDB-505956CC7CA7}.Release|Any CPU.ActiveCfg = Release|Any CPU
		{23E96DB2-B77F-4AA1-ACDB-505956CC7CA7}.Release|Any CPU.Build.0 = Release|Any CPU
		{23E96DB2-B77F-4AA1-ACDB-505956CC7CA7}.Release|x86.ActiveCfg = Release|Any CPU
		{23E96DB2-B77F-4AA1-ACDB-505956CC7CA7}.Release|x86.Build.0 = Release|Any CPU
		{14B440C2-D642-4288-8BFC-FE233B0F3547}.Debug|Any CPU.ActiveCfg = Debug|Any CPU
		{14B440C2-D642-4288-8BFC-FE233B0F3547}.Debug|Any CPU.Build.0 = Debug|Any CPU
		{14B440C2-D642-4288-8BFC-FE233B0F3547}.Debug|x86.ActiveCfg = Debug|Any CPU
		{14B440C2-D642-4288-8BFC-FE233B0F3547}.Debug|x86.Build.0 = Debug|Any CPU
		{14B440C2-D642-4288-8BFC-FE233B0F3547}.Release|Any CPU.ActiveCfg = Release|Any CPU
		{14B440C2-D642-4288-8BFC-FE233B0F3547}.Release|Any CPU.Build.0 = Release|Any CPU
		{14B440C2-D642-4288-8BFC-FE233B0F3547}.Release|x86.ActiveCfg = Release|Any CPU
		{14B440C2-D642-4288-8BFC-FE233B0F3547}.Release|x86.Build.0 = Release|Any CPU
		{1FEAF3F6-53A4-4841-8479-130AE75EE6EE}.Debug|Any CPU.ActiveCfg = Debug|Any CPU
		{1FEAF3F6-53A4-4841-8479-130AE75EE6EE}.Debug|Any CPU.Build.0 = Debug|Any CPU
		{1FEAF3F6-53A4-4841-8479-130AE75EE6EE}.Debug|x86.ActiveCfg = Debug|Any CPU
		{1FEAF3F6-53A4-4841-8479-130AE75EE6EE}.Debug|x86.Build.0 = Debug|Any CPU
		{1FEAF3F6-53A4-4841-8479-130AE75EE6EE}.Release|Any CPU.ActiveCfg = Release|Any CPU
		{1FEAF3F6-53A4-4841-8479-130AE75EE6EE}.Release|Any CPU.Build.0 = Release|Any CPU
		{1FEAF3F6-53A4-4841-8479-130AE75EE6EE}.Release|x86.ActiveCfg = Release|Any CPU
		{1FEAF3F6-53A4-4841-8479-130AE75EE6EE}.Release|x86.Build.0 = Release|Any CPU
		{564F5E0B-C61B-4DDD-B7BA-43C2115D4922}.Debug|Any CPU.ActiveCfg = Debug|Any CPU
		{564F5E0B-C61B-4DDD-B7BA-43C2115D4922}.Debug|Any CPU.Build.0 = Debug|Any CPU
		{564F5E0B-C61B-4DDD-B7BA-43C2115D4922}.Debug|x86.ActiveCfg = Debug|Any CPU
		{564F5E0B-C61B-4DDD-B7BA-43C2115D4922}.Debug|x86.Build.0 = Debug|Any CPU
		{564F5E0B-C61B-4DDD-B7BA-43C2115D4922}.Release|Any CPU.ActiveCfg = Release|Any CPU
		{564F5E0B-C61B-4DDD-B7BA-43C2115D4922}.Release|Any CPU.Build.0 = Release|Any CPU
		{564F5E0B-C61B-4DDD-B7BA-43C2115D4922}.Release|x86.ActiveCfg = Release|Any CPU
		{564F5E0B-C61B-4DDD-B7BA-43C2115D4922}.Release|x86.Build.0 = Release|Any CPU
		{FEAD372C-E7B2-4BAA-B3C0-405DDE50E4B1}.Debug|Any CPU.ActiveCfg = Debug|Any CPU
		{FEAD372C-E7B2-4BAA-B3C0-405DDE50E4B1}.Debug|Any CPU.Build.0 = Debug|Any CPU
		{FEAD372C-E7B2-4BAA-B3C0-405DDE50E4B1}.Debug|x86.ActiveCfg = Debug|Any CPU
		{FEAD372C-E7B2-4BAA-B3C0-405DDE50E4B1}.Debug|x86.Build.0 = Debug|Any CPU
		{FEAD372C-E7B2-4BAA-B3C0-405DDE50E4B1}.Release|Any CPU.ActiveCfg = Release|Any CPU
		{FEAD372C-E7B2-4BAA-B3C0-405DDE50E4B1}.Release|Any CPU.Build.0 = Release|Any CPU
		{FEAD372C-E7B2-4BAA-B3C0-405DDE50E4B1}.Release|x86.ActiveCfg = Release|Any CPU
		{FEAD372C-E7B2-4BAA-B3C0-405DDE50E4B1}.Release|x86.Build.0 = Release|Any CPU
		{4DAA0A2A-1CAF-4131-A7E9-64F226F68CB1}.Debug|Any CPU.ActiveCfg = Debug|Any CPU
		{4DAA0A2A-1CAF-4131-A7E9-64F226F68CB1}.Debug|Any CPU.Build.0 = Debug|Any CPU
		{4DAA0A2A-1CAF-4131-A7E9-64F226F68CB1}.Debug|x86.ActiveCfg = Debug|Any CPU
		{4DAA0A2A-1CAF-4131-A7E9-64F226F68CB1}.Debug|x86.Build.0 = Debug|Any CPU
		{4DAA0A2A-1CAF-4131-A7E9-64F226F68CB1}.Release|Any CPU.ActiveCfg = Release|Any CPU
		{4DAA0A2A-1CAF-4131-A7E9-64F226F68CB1}.Release|Any CPU.Build.0 = Release|Any CPU
		{4DAA0A2A-1CAF-4131-A7E9-64F226F68CB1}.Release|x86.ActiveCfg = Release|Any CPU
		{4DAA0A2A-1CAF-4131-A7E9-64F226F68CB1}.Release|x86.Build.0 = Release|Any CPU
		{A70DE684-89FF-4311-8FFC-26456A43CAF0}.Debug|Any CPU.ActiveCfg = Debug|Any CPU
		{A70DE684-89FF-4311-8FFC-26456A43CAF0}.Debug|Any CPU.Build.0 = Debug|Any CPU
		{A70DE684-89FF-4311-8FFC-26456A43CAF0}.Debug|x86.ActiveCfg = Debug|Any CPU
		{A70DE684-89FF-4311-8FFC-26456A43CAF0}.Debug|x86.Build.0 = Debug|Any CPU
		{A70DE684-89FF-4311-8FFC-26456A43CAF0}.Release|Any CPU.ActiveCfg = Release|Any CPU
		{A70DE684-89FF-4311-8FFC-26456A43CAF0}.Release|Any CPU.Build.0 = Release|Any CPU
		{A70DE684-89FF-4311-8FFC-26456A43CAF0}.Release|x86.ActiveCfg = Release|Any CPU
		{A70DE684-89FF-4311-8FFC-26456A43CAF0}.Release|x86.Build.0 = Release|Any CPU
		{22D54C83-A79F-48B5-8677-8A415F0F8D06}.Debug|Any CPU.ActiveCfg = Debug|Any CPU
		{22D54C83-A79F-48B5-8677-8A415F0F8D06}.Debug|Any CPU.Build.0 = Debug|Any CPU
		{22D54C83-A79F-48B5-8677-8A415F0F8D06}.Debug|x86.ActiveCfg = Debug|Any CPU
		{22D54C83-A79F-48B5-8677-8A415F0F8D06}.Debug|x86.Build.0 = Debug|Any CPU
		{22D54C83-A79F-48B5-8677-8A415F0F8D06}.Release|Any CPU.ActiveCfg = Release|Any CPU
		{22D54C83-A79F-48B5-8677-8A415F0F8D06}.Release|Any CPU.Build.0 = Release|Any CPU
		{22D54C83-A79F-48B5-8677-8A415F0F8D06}.Release|x86.ActiveCfg = Release|Any CPU
		{22D54C83-A79F-48B5-8677-8A415F0F8D06}.Release|x86.Build.0 = Release|Any CPU
		{E73EB703-EBEC-493B-9544-DC4C0CE85D16}.Debug|Any CPU.ActiveCfg = Debug|Any CPU
		{E73EB703-EBEC-493B-9544-DC4C0CE85D16}.Debug|Any CPU.Build.0 = Debug|Any CPU
		{E73EB703-EBEC-493B-9544-DC4C0CE85D16}.Debug|x86.ActiveCfg = Debug|Any CPU
		{E73EB703-EBEC-493B-9544-DC4C0CE85D16}.Debug|x86.Build.0 = Debug|Any CPU
		{E73EB703-EBEC-493B-9544-DC4C0CE85D16}.Release|Any CPU.ActiveCfg = Release|Any CPU
		{E73EB703-EBEC-493B-9544-DC4C0CE85D16}.Release|Any CPU.Build.0 = Release|Any CPU
		{E73EB703-EBEC-493B-9544-DC4C0CE85D16}.Release|x86.ActiveCfg = Release|Any CPU
		{E73EB703-EBEC-493B-9544-DC4C0CE85D16}.Release|x86.Build.0 = Release|Any CPU
		{83C33210-5E1C-45F8-B809-882294FB532D}.Debug|Any CPU.ActiveCfg = Debug|Any CPU
		{83C33210-5E1C-45F8-B809-882294FB532D}.Debug|Any CPU.Build.0 = Debug|Any CPU
		{83C33210-5E1C-45F8-B809-882294FB532D}.Debug|x86.ActiveCfg = Debug|Any CPU
		{83C33210-5E1C-45F8-B809-882294FB532D}.Debug|x86.Build.0 = Debug|Any CPU
		{83C33210-5E1C-45F8-B809-882294FB532D}.Release|Any CPU.ActiveCfg = Release|Any CPU
		{83C33210-5E1C-45F8-B809-882294FB532D}.Release|Any CPU.Build.0 = Release|Any CPU
		{83C33210-5E1C-45F8-B809-882294FB532D}.Release|x86.ActiveCfg = Release|Any CPU
		{83C33210-5E1C-45F8-B809-882294FB532D}.Release|x86.Build.0 = Release|Any CPU
		{BA6FD871-08F8-4F2B-9681-D880B82660A1}.Debug|Any CPU.ActiveCfg = Debug|Any CPU
		{BA6FD871-08F8-4F2B-9681-D880B82660A1}.Debug|Any CPU.Build.0 = Debug|Any CPU
		{BA6FD871-08F8-4F2B-9681-D880B82660A1}.Debug|x86.ActiveCfg = Debug|Any CPU
		{BA6FD871-08F8-4F2B-9681-D880B82660A1}.Debug|x86.Build.0 = Debug|Any CPU
		{BA6FD871-08F8-4F2B-9681-D880B82660A1}.Release|Any CPU.ActiveCfg = Release|Any CPU
		{BA6FD871-08F8-4F2B-9681-D880B82660A1}.Release|Any CPU.Build.0 = Release|Any CPU
		{BA6FD871-08F8-4F2B-9681-D880B82660A1}.Release|x86.ActiveCfg = Release|Any CPU
		{BA6FD871-08F8-4F2B-9681-D880B82660A1}.Release|x86.Build.0 = Release|Any CPU
		{0FC61D3D-2C2B-4BA9-843E-F061BFC84058}.Debug|Any CPU.ActiveCfg = Debug|Any CPU
		{0FC61D3D-2C2B-4BA9-843E-F061BFC84058}.Debug|Any CPU.Build.0 = Debug|Any CPU
		{0FC61D3D-2C2B-4BA9-843E-F061BFC84058}.Debug|x86.ActiveCfg = Debug|Any CPU
		{0FC61D3D-2C2B-4BA9-843E-F061BFC84058}.Debug|x86.Build.0 = Debug|Any CPU
		{0FC61D3D-2C2B-4BA9-843E-F061BFC84058}.Release|Any CPU.ActiveCfg = Release|Any CPU
		{0FC61D3D-2C2B-4BA9-843E-F061BFC84058}.Release|Any CPU.Build.0 = Release|Any CPU
		{0FC61D3D-2C2B-4BA9-843E-F061BFC84058}.Release|x86.ActiveCfg = Release|Any CPU
		{0FC61D3D-2C2B-4BA9-843E-F061BFC84058}.Release|x86.Build.0 = Release|Any CPU
		{01C1BB35-BDD2-465B-8DBA-21632C6514C2}.Debug|Any CPU.ActiveCfg = Debug|Any CPU
		{01C1BB35-BDD2-465B-8DBA-21632C6514C2}.Debug|Any CPU.Build.0 = Debug|Any CPU
		{01C1BB35-BDD2-465B-8DBA-21632C6514C2}.Debug|x86.ActiveCfg = Debug|Any CPU
		{01C1BB35-BDD2-465B-8DBA-21632C6514C2}.Debug|x86.Build.0 = Debug|Any CPU
		{01C1BB35-BDD2-465B-8DBA-21632C6514C2}.Release|Any CPU.ActiveCfg = Release|Any CPU
		{01C1BB35-BDD2-465B-8DBA-21632C6514C2}.Release|Any CPU.Build.0 = Release|Any CPU
		{01C1BB35-BDD2-465B-8DBA-21632C6514C2}.Release|x86.ActiveCfg = Release|Any CPU
		{01C1BB35-BDD2-465B-8DBA-21632C6514C2}.Release|x86.Build.0 = Release|Any CPU
		{DA32377D-C1BC-472A-86DF-6084BF0B5691}.Debug|Any CPU.ActiveCfg = Debug|Any CPU
		{DA32377D-C1BC-472A-86DF-6084BF0B5691}.Debug|Any CPU.Build.0 = Debug|Any CPU
		{DA32377D-C1BC-472A-86DF-6084BF0B5691}.Debug|x86.ActiveCfg = Debug|Any CPU
		{DA32377D-C1BC-472A-86DF-6084BF0B5691}.Debug|x86.Build.0 = Debug|Any CPU
		{DA32377D-C1BC-472A-86DF-6084BF0B5691}.Release|Any CPU.ActiveCfg = Release|Any CPU
		{DA32377D-C1BC-472A-86DF-6084BF0B5691}.Release|Any CPU.Build.0 = Release|Any CPU
		{DA32377D-C1BC-472A-86DF-6084BF0B5691}.Release|x86.ActiveCfg = Release|Any CPU
		{DA32377D-C1BC-472A-86DF-6084BF0B5691}.Release|x86.Build.0 = Release|Any CPU
		{A132D01A-EA89-4312-9BBC-D9EE0A18E1A5}.Debug|Any CPU.ActiveCfg = Debug|Any CPU
		{A132D01A-EA89-4312-9BBC-D9EE0A18E1A5}.Debug|Any CPU.Build.0 = Debug|Any CPU
		{A132D01A-EA89-4312-9BBC-D9EE0A18E1A5}.Debug|x86.ActiveCfg = Debug|Any CPU
		{A132D01A-EA89-4312-9BBC-D9EE0A18E1A5}.Debug|x86.Build.0 = Debug|Any CPU
		{A132D01A-EA89-4312-9BBC-D9EE0A18E1A5}.Release|Any CPU.ActiveCfg = Release|Any CPU
		{A132D01A-EA89-4312-9BBC-D9EE0A18E1A5}.Release|Any CPU.Build.0 = Release|Any CPU
		{A132D01A-EA89-4312-9BBC-D9EE0A18E1A5}.Release|x86.ActiveCfg = Release|Any CPU
		{A132D01A-EA89-4312-9BBC-D9EE0A18E1A5}.Release|x86.Build.0 = Release|Any CPU
		{300D7EB2-CD88-45DD-992E-1A6E2761D52F}.Debug|Any CPU.ActiveCfg = Debug|Any CPU
		{300D7EB2-CD88-45DD-992E-1A6E2761D52F}.Debug|Any CPU.Build.0 = Debug|Any CPU
		{300D7EB2-CD88-45DD-992E-1A6E2761D52F}.Debug|x86.ActiveCfg = Debug|Any CPU
		{300D7EB2-CD88-45DD-992E-1A6E2761D52F}.Debug|x86.Build.0 = Debug|Any CPU
		{300D7EB2-CD88-45DD-992E-1A6E2761D52F}.Release|Any CPU.ActiveCfg = Release|Any CPU
		{300D7EB2-CD88-45DD-992E-1A6E2761D52F}.Release|Any CPU.Build.0 = Release|Any CPU
		{300D7EB2-CD88-45DD-992E-1A6E2761D52F}.Release|x86.ActiveCfg = Release|Any CPU
		{300D7EB2-CD88-45DD-992E-1A6E2761D52F}.Release|x86.Build.0 = Release|Any CPU
		{D10E3784-24F3-49C7-A774-307CF5320293}.Debug|Any CPU.ActiveCfg = Debug|Any CPU
		{D10E3784-24F3-49C7-A774-307CF5320293}.Debug|Any CPU.Build.0 = Debug|Any CPU
		{D10E3784-24F3-49C7-A774-307CF5320293}.Debug|x86.ActiveCfg = Debug|Any CPU
		{D10E3784-24F3-49C7-A774-307CF5320293}.Debug|x86.Build.0 = Debug|Any CPU
		{D10E3784-24F3-49C7-A774-307CF5320293}.Release|Any CPU.ActiveCfg = Release|Any CPU
		{D10E3784-24F3-49C7-A774-307CF5320293}.Release|Any CPU.Build.0 = Release|Any CPU
		{D10E3784-24F3-49C7-A774-307CF5320293}.Release|x86.ActiveCfg = Release|Any CPU
		{D10E3784-24F3-49C7-A774-307CF5320293}.Release|x86.Build.0 = Release|Any CPU
		{E3CD04DA-6C7A-409F-9708-F708E58514BD}.Debug|Any CPU.ActiveCfg = Debug|Any CPU
		{E3CD04DA-6C7A-409F-9708-F708E58514BD}.Debug|Any CPU.Build.0 = Debug|Any CPU
		{E3CD04DA-6C7A-409F-9708-F708E58514BD}.Debug|x86.ActiveCfg = Debug|Any CPU
		{E3CD04DA-6C7A-409F-9708-F708E58514BD}.Debug|x86.Build.0 = Debug|Any CPU
		{E3CD04DA-6C7A-409F-9708-F708E58514BD}.Release|Any CPU.ActiveCfg = Release|Any CPU
		{E3CD04DA-6C7A-409F-9708-F708E58514BD}.Release|Any CPU.Build.0 = Release|Any CPU
		{E3CD04DA-6C7A-409F-9708-F708E58514BD}.Release|x86.ActiveCfg = Release|Any CPU
		{E3CD04DA-6C7A-409F-9708-F708E58514BD}.Release|x86.Build.0 = Release|Any CPU
		{07261330-E746-40B3-8EF6-8A0A16524DC3}.Debug|Any CPU.ActiveCfg = Debug|Any CPU
		{07261330-E746-40B3-8EF6-8A0A16524DC3}.Debug|Any CPU.Build.0 = Debug|Any CPU
		{07261330-E746-40B3-8EF6-8A0A16524DC3}.Debug|x86.ActiveCfg = Debug|Any CPU
		{07261330-E746-40B3-8EF6-8A0A16524DC3}.Debug|x86.Build.0 = Debug|Any CPU
		{07261330-E746-40B3-8EF6-8A0A16524DC3}.Release|Any CPU.ActiveCfg = Release|Any CPU
		{07261330-E746-40B3-8EF6-8A0A16524DC3}.Release|Any CPU.Build.0 = Release|Any CPU
		{07261330-E746-40B3-8EF6-8A0A16524DC3}.Release|x86.ActiveCfg = Release|Any CPU
		{07261330-E746-40B3-8EF6-8A0A16524DC3}.Release|x86.Build.0 = Release|Any CPU
		{20CB0C38-16C5-4EF8-B65B-54EE9BBEA018}.Debug|Any CPU.ActiveCfg = Debug|Any CPU
		{20CB0C38-16C5-4EF8-B65B-54EE9BBEA018}.Debug|Any CPU.Build.0 = Debug|Any CPU
		{20CB0C38-16C5-4EF8-B65B-54EE9BBEA018}.Debug|x86.ActiveCfg = Debug|Any CPU
		{20CB0C38-16C5-4EF8-B65B-54EE9BBEA018}.Debug|x86.Build.0 = Debug|Any CPU
		{20CB0C38-16C5-4EF8-B65B-54EE9BBEA018}.Release|Any CPU.ActiveCfg = Release|Any CPU
		{20CB0C38-16C5-4EF8-B65B-54EE9BBEA018}.Release|Any CPU.Build.0 = Release|Any CPU
		{20CB0C38-16C5-4EF8-B65B-54EE9BBEA018}.Release|x86.ActiveCfg = Release|Any CPU
		{20CB0C38-16C5-4EF8-B65B-54EE9BBEA018}.Release|x86.Build.0 = Release|Any CPU
		{13A2319A-7FC8-4D58-8677-360F529E5DD2}.Debug|Any CPU.ActiveCfg = Debug|Any CPU
		{13A2319A-7FC8-4D58-8677-360F529E5DD2}.Debug|Any CPU.Build.0 = Debug|Any CPU
		{13A2319A-7FC8-4D58-8677-360F529E5DD2}.Debug|x86.ActiveCfg = Debug|Any CPU
		{13A2319A-7FC8-4D58-8677-360F529E5DD2}.Debug|x86.Build.0 = Debug|Any CPU
		{13A2319A-7FC8-4D58-8677-360F529E5DD2}.Release|Any CPU.ActiveCfg = Release|Any CPU
		{13A2319A-7FC8-4D58-8677-360F529E5DD2}.Release|Any CPU.Build.0 = Release|Any CPU
		{13A2319A-7FC8-4D58-8677-360F529E5DD2}.Release|x86.ActiveCfg = Release|Any CPU
		{13A2319A-7FC8-4D58-8677-360F529E5DD2}.Release|x86.Build.0 = Release|Any CPU
		{92092FC8-8865-4FF6-BF2E-FA43E034CB23}.Debug|Any CPU.ActiveCfg = Debug|Any CPU
		{92092FC8-8865-4FF6-BF2E-FA43E034CB23}.Debug|Any CPU.Build.0 = Debug|Any CPU
		{92092FC8-8865-4FF6-BF2E-FA43E034CB23}.Debug|x86.ActiveCfg = Debug|Any CPU
		{92092FC8-8865-4FF6-BF2E-FA43E034CB23}.Debug|x86.Build.0 = Debug|Any CPU
		{92092FC8-8865-4FF6-BF2E-FA43E034CB23}.Release|Any CPU.ActiveCfg = Release|Any CPU
		{92092FC8-8865-4FF6-BF2E-FA43E034CB23}.Release|Any CPU.Build.0 = Release|Any CPU
		{92092FC8-8865-4FF6-BF2E-FA43E034CB23}.Release|x86.ActiveCfg = Release|Any CPU
		{92092FC8-8865-4FF6-BF2E-FA43E034CB23}.Release|x86.Build.0 = Release|Any CPU
		{21594A7A-48F4-4631-A1FD-F06CC701502C}.Debug|Any CPU.ActiveCfg = Debug|Any CPU
		{21594A7A-48F4-4631-A1FD-F06CC701502C}.Debug|Any CPU.Build.0 = Debug|Any CPU
		{21594A7A-48F4-4631-A1FD-F06CC701502C}.Debug|x86.ActiveCfg = Debug|Any CPU
		{21594A7A-48F4-4631-A1FD-F06CC701502C}.Debug|x86.Build.0 = Debug|Any CPU
		{21594A7A-48F4-4631-A1FD-F06CC701502C}.Release|Any CPU.ActiveCfg = Release|Any CPU
		{21594A7A-48F4-4631-A1FD-F06CC701502C}.Release|Any CPU.Build.0 = Release|Any CPU
		{21594A7A-48F4-4631-A1FD-F06CC701502C}.Release|x86.ActiveCfg = Release|Any CPU
		{21594A7A-48F4-4631-A1FD-F06CC701502C}.Release|x86.Build.0 = Release|Any CPU
		{09B2971A-54DD-4DE7-A696-21AC1B7115AC}.Debug|Any CPU.ActiveCfg = Debug|Any CPU
		{09B2971A-54DD-4DE7-A696-21AC1B7115AC}.Debug|Any CPU.Build.0 = Debug|Any CPU
		{09B2971A-54DD-4DE7-A696-21AC1B7115AC}.Debug|x86.ActiveCfg = Debug|Any CPU
		{09B2971A-54DD-4DE7-A696-21AC1B7115AC}.Debug|x86.Build.0 = Debug|Any CPU
		{09B2971A-54DD-4DE7-A696-21AC1B7115AC}.Release|Any CPU.ActiveCfg = Release|Any CPU
		{09B2971A-54DD-4DE7-A696-21AC1B7115AC}.Release|Any CPU.Build.0 = Release|Any CPU
		{09B2971A-54DD-4DE7-A696-21AC1B7115AC}.Release|x86.ActiveCfg = Release|Any CPU
		{09B2971A-54DD-4DE7-A696-21AC1B7115AC}.Release|x86.Build.0 = Release|Any CPU
		{EAA1854E-2597-44CF-989B-5EF5B328B944}.Debug|Any CPU.ActiveCfg = Debug|Any CPU
		{EAA1854E-2597-44CF-989B-5EF5B328B944}.Debug|Any CPU.Build.0 = Debug|Any CPU
		{EAA1854E-2597-44CF-989B-5EF5B328B944}.Debug|x86.ActiveCfg = Debug|Any CPU
		{EAA1854E-2597-44CF-989B-5EF5B328B944}.Debug|x86.Build.0 = Debug|Any CPU
		{EAA1854E-2597-44CF-989B-5EF5B328B944}.Release|Any CPU.ActiveCfg = Release|Any CPU
		{EAA1854E-2597-44CF-989B-5EF5B328B944}.Release|Any CPU.Build.0 = Release|Any CPU
		{EAA1854E-2597-44CF-989B-5EF5B328B944}.Release|x86.ActiveCfg = Release|Any CPU
		{EAA1854E-2597-44CF-989B-5EF5B328B944}.Release|x86.Build.0 = Release|Any CPU
		{92B037C0-EDCE-4848-B37A-46E3985F293A}.Debug|Any CPU.ActiveCfg = Debug|Any CPU
		{92B037C0-EDCE-4848-B37A-46E3985F293A}.Debug|Any CPU.Build.0 = Debug|Any CPU
		{92B037C0-EDCE-4848-B37A-46E3985F293A}.Debug|x86.ActiveCfg = Debug|Any CPU
		{92B037C0-EDCE-4848-B37A-46E3985F293A}.Debug|x86.Build.0 = Debug|Any CPU
		{92B037C0-EDCE-4848-B37A-46E3985F293A}.Release|Any CPU.ActiveCfg = Release|Any CPU
		{92B037C0-EDCE-4848-B37A-46E3985F293A}.Release|Any CPU.Build.0 = Release|Any CPU
		{92B037C0-EDCE-4848-B37A-46E3985F293A}.Release|x86.ActiveCfg = Release|Any CPU
		{92B037C0-EDCE-4848-B37A-46E3985F293A}.Release|x86.Build.0 = Release|Any CPU
		{8433BC36-B53F-4B71-8A41-B0BCE5125FFE}.Debug|Any CPU.ActiveCfg = Debug|Any CPU
		{8433BC36-B53F-4B71-8A41-B0BCE5125FFE}.Debug|Any CPU.Build.0 = Debug|Any CPU
		{8433BC36-B53F-4B71-8A41-B0BCE5125FFE}.Debug|x86.ActiveCfg = Debug|Any CPU
		{8433BC36-B53F-4B71-8A41-B0BCE5125FFE}.Debug|x86.Build.0 = Debug|Any CPU
		{8433BC36-B53F-4B71-8A41-B0BCE5125FFE}.Release|Any CPU.ActiveCfg = Release|Any CPU
		{8433BC36-B53F-4B71-8A41-B0BCE5125FFE}.Release|Any CPU.Build.0 = Release|Any CPU
		{8433BC36-B53F-4B71-8A41-B0BCE5125FFE}.Release|x86.ActiveCfg = Release|Any CPU
		{8433BC36-B53F-4B71-8A41-B0BCE5125FFE}.Release|x86.Build.0 = Release|Any CPU
		{9793AEC2-1025-4B31-8B2F-1CEBE38A7501}.Debug|Any CPU.ActiveCfg = Debug|Any CPU
		{9793AEC2-1025-4B31-8B2F-1CEBE38A7501}.Debug|Any CPU.Build.0 = Debug|Any CPU
		{9793AEC2-1025-4B31-8B2F-1CEBE38A7501}.Debug|x86.ActiveCfg = Debug|Any CPU
		{9793AEC2-1025-4B31-8B2F-1CEBE38A7501}.Debug|x86.Build.0 = Debug|Any CPU
		{9793AEC2-1025-4B31-8B2F-1CEBE38A7501}.Release|Any CPU.ActiveCfg = Release|Any CPU
		{9793AEC2-1025-4B31-8B2F-1CEBE38A7501}.Release|Any CPU.Build.0 = Release|Any CPU
		{9793AEC2-1025-4B31-8B2F-1CEBE38A7501}.Release|x86.ActiveCfg = Release|Any CPU
		{9793AEC2-1025-4B31-8B2F-1CEBE38A7501}.Release|x86.Build.0 = Release|Any CPU
		{98A058C3-4398-4F3C-A7DC-E8680DC38740}.Debug|Any CPU.ActiveCfg = Debug|Any CPU
		{98A058C3-4398-4F3C-A7DC-E8680DC38740}.Debug|Any CPU.Build.0 = Debug|Any CPU
		{98A058C3-4398-4F3C-A7DC-E8680DC38740}.Debug|x86.ActiveCfg = Debug|Any CPU
		{98A058C3-4398-4F3C-A7DC-E8680DC38740}.Debug|x86.Build.0 = Debug|Any CPU
		{98A058C3-4398-4F3C-A7DC-E8680DC38740}.Release|Any CPU.ActiveCfg = Release|Any CPU
		{98A058C3-4398-4F3C-A7DC-E8680DC38740}.Release|Any CPU.Build.0 = Release|Any CPU
		{98A058C3-4398-4F3C-A7DC-E8680DC38740}.Release|x86.ActiveCfg = Release|Any CPU
		{98A058C3-4398-4F3C-A7DC-E8680DC38740}.Release|x86.Build.0 = Release|Any CPU
		{E32B9A6E-1AEF-40FB-89BF-0C8AE30BD54A}.Debug|Any CPU.ActiveCfg = Debug|Any CPU
		{E32B9A6E-1AEF-40FB-89BF-0C8AE30BD54A}.Debug|Any CPU.Build.0 = Debug|Any CPU
		{E32B9A6E-1AEF-40FB-89BF-0C8AE30BD54A}.Debug|x86.ActiveCfg = Debug|Any CPU
		{E32B9A6E-1AEF-40FB-89BF-0C8AE30BD54A}.Debug|x86.Build.0 = Debug|Any CPU
		{E32B9A6E-1AEF-40FB-89BF-0C8AE30BD54A}.Release|Any CPU.ActiveCfg = Release|Any CPU
		{E32B9A6E-1AEF-40FB-89BF-0C8AE30BD54A}.Release|Any CPU.Build.0 = Release|Any CPU
		{E32B9A6E-1AEF-40FB-89BF-0C8AE30BD54A}.Release|x86.ActiveCfg = Release|Any CPU
		{E32B9A6E-1AEF-40FB-89BF-0C8AE30BD54A}.Release|x86.Build.0 = Release|Any CPU
		{DED253C6-22BF-45F4-B7B3-2E237C5B3B2C}.Debug|Any CPU.ActiveCfg = Debug|Any CPU
		{DED253C6-22BF-45F4-B7B3-2E237C5B3B2C}.Debug|Any CPU.Build.0 = Debug|Any CPU
		{DED253C6-22BF-45F4-B7B3-2E237C5B3B2C}.Debug|x86.ActiveCfg = Debug|Any CPU
		{DED253C6-22BF-45F4-B7B3-2E237C5B3B2C}.Debug|x86.Build.0 = Debug|Any CPU
		{DED253C6-22BF-45F4-B7B3-2E237C5B3B2C}.Release|Any CPU.ActiveCfg = Release|Any CPU
		{DED253C6-22BF-45F4-B7B3-2E237C5B3B2C}.Release|Any CPU.Build.0 = Release|Any CPU
		{DED253C6-22BF-45F4-B7B3-2E237C5B3B2C}.Release|x86.ActiveCfg = Release|Any CPU
		{DED253C6-22BF-45F4-B7B3-2E237C5B3B2C}.Release|x86.Build.0 = Release|Any CPU
		{391B8816-995A-4C1D-9742-AD697B74E0AF}.Debug|Any CPU.ActiveCfg = Debug|Any CPU
		{391B8816-995A-4C1D-9742-AD697B74E0AF}.Debug|Any CPU.Build.0 = Debug|Any CPU
		{391B8816-995A-4C1D-9742-AD697B74E0AF}.Debug|x86.ActiveCfg = Debug|Any CPU
		{391B8816-995A-4C1D-9742-AD697B74E0AF}.Debug|x86.Build.0 = Debug|Any CPU
		{391B8816-995A-4C1D-9742-AD697B74E0AF}.Release|Any CPU.ActiveCfg = Release|Any CPU
		{391B8816-995A-4C1D-9742-AD697B74E0AF}.Release|Any CPU.Build.0 = Release|Any CPU
		{391B8816-995A-4C1D-9742-AD697B74E0AF}.Release|x86.ActiveCfg = Release|Any CPU
		{391B8816-995A-4C1D-9742-AD697B74E0AF}.Release|x86.Build.0 = Release|Any CPU
		{E11E2B63-4044-4EAE-95FC-FB149EB7A125}.Debug|Any CPU.ActiveCfg = Debug|Any CPU
		{E11E2B63-4044-4EAE-95FC-FB149EB7A125}.Debug|Any CPU.Build.0 = Debug|Any CPU
		{E11E2B63-4044-4EAE-95FC-FB149EB7A125}.Debug|x86.ActiveCfg = Debug|Any CPU
		{E11E2B63-4044-4EAE-95FC-FB149EB7A125}.Debug|x86.Build.0 = Debug|Any CPU
		{E11E2B63-4044-4EAE-95FC-FB149EB7A125}.Release|Any CPU.ActiveCfg = Release|Any CPU
		{E11E2B63-4044-4EAE-95FC-FB149EB7A125}.Release|Any CPU.Build.0 = Release|Any CPU
		{E11E2B63-4044-4EAE-95FC-FB149EB7A125}.Release|x86.ActiveCfg = Release|Any CPU
		{E11E2B63-4044-4EAE-95FC-FB149EB7A125}.Release|x86.Build.0 = Release|Any CPU
	EndGlobalSection
	GlobalSection(SolutionProperties) = preSolution
		HideSolutionNode = FALSE
	EndGlobalSection
	GlobalSection(NestedProjects) = preSolution
		{01B072FC-90F0-4CF9-B78F-C295D1D20047} = {20435AA3-6A4C-4C58-9537-9500C4E47ACE}
		{EBA04738-E420-4E2F-BD83-02E175DD0739} = {20435AA3-6A4C-4C58-9537-9500C4E47ACE}
		{17E962DA-26CA-4C6D-9BC9-DBDF5C760796} = {F19E2101-3683-4FA6-BCCA-C725B9D4D03A}
		{20435AA3-6A4C-4C58-9537-9500C4E47ACE} = {D17B6637-03F8-46C1-8447-E0E346DC8847}
		{81274762-676F-40EA-9CD8-E0D54CAA17D8} = {D17B6637-03F8-46C1-8447-E0E346DC8847}
		{743D3D38-58C7-4E72-8577-41C528749FFB} = {A19FD800-A6AB-4D10-B3DE-F29E7FEBB6C2}
		{A23A5292-74D1-4AFF-A4A4-8908E9273D18} = {743D3D38-58C7-4E72-8577-41C528749FFB}
		{CCF8C712-2136-4C77-A81D-CB98258E6738} = {743D3D38-58C7-4E72-8577-41C528749FFB}
		{62281EBE-7A3E-495C-90B0-4170780B0EF1} = {A19FD800-A6AB-4D10-B3DE-F29E7FEBB6C2}
		{F8AEA1F6-6670-4AB3-852F-1AA2F185B3DD} = {743D3D38-58C7-4E72-8577-41C528749FFB}
		{18C2F2E6-4A41-461E-B9C6-636FB50C6FF5} = {62281EBE-7A3E-495C-90B0-4170780B0EF1}
		{CCCA45E0-C87A-4E7F-A8D6-45EE0187A986} = {743D3D38-58C7-4E72-8577-41C528749FFB}
		{04116DB7-D114-40C7-9B9D-E2CAA22BD0DB} = {743D3D38-58C7-4E72-8577-41C528749FFB}
		{16713DEA-88CB-4D9A-8634-5168AD2F8ED7} = {D93C59B2-1AF9-4E20-BD99-5B368CDB64B7}
		{CFBDDFD9-8C72-4F52-B877-9DB43A439421} = {D93C59B2-1AF9-4E20-BD99-5B368CDB64B7}
		{EA948D00-1A82-4472-AE21-48FD9223CA24} = {D93C59B2-1AF9-4E20-BD99-5B368CDB64B7}
		{FC5ED08C-ADCF-4865-811E-781AECC19E65} = {D93C59B2-1AF9-4E20-BD99-5B368CDB64B7}
		{CA3CEA67-6FA4-4EB7-B209-DD3FF1092EA1} = {D93C59B2-1AF9-4E20-BD99-5B368CDB64B7}
		{8439AA8F-BB4A-4CA8-A0D4-A35B85D3E491} = {2F70A1AE-7AA8-46BB-9475-11100C452EBA}
		{F902AF2F-CBBF-434C-8DC4-F08FC916D859} = {2F70A1AE-7AA8-46BB-9475-11100C452EBA}
		{E41B9003-2DB1-45D3-BEEA-FCD065464479} = {2F70A1AE-7AA8-46BB-9475-11100C452EBA}
		{05ADBBC3-0909-40E2-BB29-C6173DC40467} = {2F70A1AE-7AA8-46BB-9475-11100C452EBA}
		{8EBD5777-57DA-415A-AD46-F9F5C4FBE9E7} = {2F70A1AE-7AA8-46BB-9475-11100C452EBA}
		{25F26303-6D96-4FB5-8D1F-13BF5CD567EE} = {2F70A1AE-7AA8-46BB-9475-11100C452EBA}
		{BD9FD82A-6303-42F0-BD22-8E0DEA222780} = {2F70A1AE-7AA8-46BB-9475-11100C452EBA}
		{5279B90F-CDE6-4EE9-9B9B-38616AD952F6} = {2F70A1AE-7AA8-46BB-9475-11100C452EBA}
		{B6F90BA0-F9A0-45F2-AC17-2F4EDC188969} = {2F70A1AE-7AA8-46BB-9475-11100C452EBA}
		{3D3FE044-7170-4FA3-B4FA-219F3DB88980} = {2F70A1AE-7AA8-46BB-9475-11100C452EBA}
		{5CD61BC8-E973-4F5E-8C50-6FF63D45BED9} = {22F9DF38-02EC-447B-8325-D08668659855}
		{6252C917-6284-4212-A78A-FBE164FD35E6} = {2F70A1AE-7AA8-46BB-9475-11100C452EBA}
		{EE642D06-F919-448C-BE63-4252B73E2FD3} = {2F70A1AE-7AA8-46BB-9475-11100C452EBA}
		{392958D5-92BD-4AB5-B30D-EEF1CCF9B696} = {9D7DDE63-2675-425F-9AD6-148374BDC1E5}
		{022C0245-DBEF-4A34-BEA7-9579C23F0778} = {392958D5-92BD-4AB5-B30D-EEF1CCF9B696}
		{0D505D03-7125-4743-8A9F-4D2674AA4EBC} = {392958D5-92BD-4AB5-B30D-EEF1CCF9B696}
		{585A5275-0582-4F6E-A836-039C70DED3DC} = {9D7DDE63-2675-425F-9AD6-148374BDC1E5}
		{F78C5AC0-FDAA-4BF6-9C70-42811A6DD151} = {585A5275-0582-4F6E-A836-039C70DED3DC}
		{9D7DDE63-2675-425F-9AD6-148374BDC1E5} = {5BA53ECD-41DC-4756-B073-D8A948DDE2C2}
		{14B440C2-D642-4288-8BFC-FE233B0F3547} = {585A5275-0582-4F6E-A836-039C70DED3DC}
		{1FEAF3F6-53A4-4841-8479-130AE75EE6EE} = {585A5275-0582-4F6E-A836-039C70DED3DC}
		{564F5E0B-C61B-4DDD-B7BA-43C2115D4922} = {585A5275-0582-4F6E-A836-039C70DED3DC}
		{FEAD372C-E7B2-4BAA-B3C0-405DDE50E4B1} = {392958D5-92BD-4AB5-B30D-EEF1CCF9B696}
		{4DAA0A2A-1CAF-4131-A7E9-64F226F68CB1} = {392958D5-92BD-4AB5-B30D-EEF1CCF9B696}
		{A70DE684-89FF-4311-8FFC-26456A43CAF0} = {392958D5-92BD-4AB5-B30D-EEF1CCF9B696}
		{22D54C83-A79F-48B5-8677-8A415F0F8D06} = {392958D5-92BD-4AB5-B30D-EEF1CCF9B696}
		{E73EB703-EBEC-493B-9544-DC4C0CE85D16} = {392958D5-92BD-4AB5-B30D-EEF1CCF9B696}
		{83C33210-5E1C-45F8-B809-882294FB532D} = {585A5275-0582-4F6E-A836-039C70DED3DC}
		{D99037F0-2714-4AE9-B469-FB7CD13F4AE5} = {5BA53ECD-41DC-4756-B073-D8A948DDE2C2}
		{E6BCCCA7-EA73-403A-8975-94D1EF2335E3} = {D99037F0-2714-4AE9-B469-FB7CD13F4AE5}
		{2877F81F-9DEB-4BED-A617-E78B58D35F3F} = {D99037F0-2714-4AE9-B469-FB7CD13F4AE5}
		{BA6FD871-08F8-4F2B-9681-D880B82660A1} = {2877F81F-9DEB-4BED-A617-E78B58D35F3F}
		{0FC61D3D-2C2B-4BA9-843E-F061BFC84058} = {2877F81F-9DEB-4BED-A617-E78B58D35F3F}
		{01C1BB35-BDD2-465B-8DBA-21632C6514C2} = {2877F81F-9DEB-4BED-A617-E78B58D35F3F}
		{319D45A4-FDE1-4819-9DBD-6018A8CA6404} = {5BA53ECD-41DC-4756-B073-D8A948DDE2C2}
		{70EF5CF8-7D5B-4EC8-90F4-42EEBEA87E48} = {319D45A4-FDE1-4819-9DBD-6018A8CA6404}
		{FF7CCC4F-5B0B-4C7E-8DD6-27D3D4A6DE18} = {319D45A4-FDE1-4819-9DBD-6018A8CA6404}
		{DA32377D-C1BC-472A-86DF-6084BF0B5691} = {70EF5CF8-7D5B-4EC8-90F4-42EEBEA87E48}
		{A132D01A-EA89-4312-9BBC-D9EE0A18E1A5} = {FF7CCC4F-5B0B-4C7E-8DD6-27D3D4A6DE18}
		{99E52F9D-CEAA-4981-976C-B19E481971DC} = {5BA53ECD-41DC-4756-B073-D8A948DDE2C2}
		{7C1B08FB-2B79-449B-B8B7-D723CB748EA5} = {99E52F9D-CEAA-4981-976C-B19E481971DC}
		{300D7EB2-CD88-45DD-992E-1A6E2761D52F} = {7C1B08FB-2B79-449B-B8B7-D723CB748EA5}
		{D10E3784-24F3-49C7-A774-307CF5320293} = {7C1B08FB-2B79-449B-B8B7-D723CB748EA5}
		{E3CD04DA-6C7A-409F-9708-F708E58514BD} = {7C1B08FB-2B79-449B-B8B7-D723CB748EA5}
		{07261330-E746-40B3-8EF6-8A0A16524DC3} = {7C1B08FB-2B79-449B-B8B7-D723CB748EA5}
		{20CB0C38-16C5-4EF8-B65B-54EE9BBEA018} = {7C1B08FB-2B79-449B-B8B7-D723CB748EA5}
		{13A2319A-7FC8-4D58-8677-360F529E5DD2} = {7C1B08FB-2B79-449B-B8B7-D723CB748EA5}
		{92092FC8-8865-4FF6-BF2E-FA43E034CB23} = {A9347035-F464-4131-8CDC-B8303865B72E}
		{A9347035-F464-4131-8CDC-B8303865B72E} = {5BA53ECD-41DC-4756-B073-D8A948DDE2C2}
		{21594A7A-48F4-4631-A1FD-F06CC701502C} = {A9347035-F464-4131-8CDC-B8303865B72E}
		{09B2971A-54DD-4DE7-A696-21AC1B7115AC} = {A9347035-F464-4131-8CDC-B8303865B72E}
		{EAA1854E-2597-44CF-989B-5EF5B328B944} = {A9347035-F464-4131-8CDC-B8303865B72E}
		{92B037C0-EDCE-4848-B37A-46E3985F293A} = {A9347035-F464-4131-8CDC-B8303865B72E}
		{8433BC36-B53F-4B71-8A41-B0BCE5125FFE} = {A9347035-F464-4131-8CDC-B8303865B72E}
		{9793AEC2-1025-4B31-8B2F-1CEBE38A7501} = {A9347035-F464-4131-8CDC-B8303865B72E}
		{98A058C3-4398-4F3C-A7DC-E8680DC38740} = {A9347035-F464-4131-8CDC-B8303865B72E}
		{E32B9A6E-1AEF-40FB-89BF-0C8AE30BD54A} = {A9347035-F464-4131-8CDC-B8303865B72E}
		{DED253C6-22BF-45F4-B7B3-2E237C5B3B2C} = {A9347035-F464-4131-8CDC-B8303865B72E}
		{391B8816-995A-4C1D-9742-AD697B74E0AF} = {A9347035-F464-4131-8CDC-B8303865B72E}
		{E11E2B63-4044-4EAE-95FC-FB149EB7A125} = {A9347035-F464-4131-8CDC-B8303865B72E}
	EndGlobalSection
EndGlobal
