
Microsoft Visual Studio Solution File, Format Version 12.00
# Visual Studio 14
VisualStudioVersion = 14.0.25420.1
MinimumVisualStudioVersion = 10.0.40219.1
Project("{FAE04EC0-301F-11D3-BF4B-00C04F79EFBC}") = "Hello", "DotNetLerning\Hello.csproj", "{01B072FC-90F0-4CF9-B78F-C295D1D20047}"
EndProject
Project("{2150E333-8FDC-42A3-9474-1A3956D46DE8}") = "OOP", "OOP", "{D17B6637-03F8-46C1-8447-E0E346DC8847}"
EndProject
Global
	GlobalSection(SolutionConfigurationPlatforms) = preSolution
		Debug|Any CPU = Debug|Any CPU
		Release|Any CPU = Release|Any CPU
	EndGlobalSection
	GlobalSection(ProjectConfigurationPlatforms) = postSolution
		{01B072FC-90F0-4CF9-B78F-C295D1D20047}.Debug|Any CPU.ActiveCfg = Debug|Any CPU
		{01B072FC-90F0-4CF9-B78F-C295D1D20047}.Debug|Any CPU.Build.0 = Debug|Any CPU
		{01B072FC-90F0-4CF9-B78F-C295D1D20047}.Release|Any CPU.ActiveCfg = Release|Any CPU
		{01B072FC-90F0-4CF9-B78F-C295D1D20047}.Release|Any CPU.Build.0 = Release|Any CPU
	EndGlobalSection
	GlobalSection(SolutionProperties) = preSolution
		HideSolutionNode = FALSE
	EndGlobalSection
	GlobalSection(NestedProjects) = preSolution
		{01B072FC-90F0-4CF9-B78F-C295D1D20047} = {D17B6637-03F8-46C1-8447-E0E346DC8847}
	EndGlobalSection
EndGlobal
